// !$*UTF8*$!
{
	archiveVersion = 1;
	classes = {
	};
	objectVersion = 77;
	objects = {

/* Begin PBXBuildFile section */
		00527A2A2577400B8530BD07 /* ArcadePadBroadcast.appex in Embed Foundation Extensions */ = {isa = PBXBuildFile; fileRef = 53E469FD31C8C234F9CFF3DA /* ArcadePadBroadcast.appex */; settings = {ATTRIBUTES = (RemoveHeadersOnCopy, ); }; };
		01FEFB72CB926CA51D5B6A7F /* bass_c3.wav in Resources */ = {isa = PBXBuildFile; fileRef = 18C334D618188AACFF54D5E1 /* bass_c3.wav */; };
		06EFD90ECDC4EACAFC9D4E8B /* shaker.wav in Resources */ = {isa = PBXBuildFile; fileRef = 05993F313377C100EB168A50 /* shaker.wav */; };
		09C98F21AA5E6B29CAA20E74 /* gameover.wav in Resources */ = {isa = PBXBuildFile; fileRef = ED65D1FE03417EAC4B2DE0AF /* gameover.wav */; };
		0C9B2E6748EC18EA07827285 /* bell_f5.wav in Resources */ = {isa = PBXBuildFile; fileRef = AF66E9DB972E69F117E3F54B /* bell_f5.wav */; };
		0F69681607646A17C8F7732C /* hihat_closed.mp3 in Resources */ = {isa = PBXBuildFile; fileRef = 3F3A2B8D5B4AA9C2AFF69BF4 /* hihat_closed.mp3 */; };
		12F140508EA986DE9FC38F02 /* Di.wav in Resources */ = {isa = PBXBuildFile; fileRef = 5BE19669841D4B4AEA7C4F77 /* Di.wav */; };
		13A36D107A0FE152383364E5 /* clap.wav in Resources */ = {isa = PBXBuildFile; fileRef = 4ACCFE9A404F39BF47A392C1 /* clap.wav */; };
		14E0DAA3D2EBE92ED9BFF532 /* record_scratch.mp3 in Resources */ = {isa = PBXBuildFile; fileRef = 979A6AA4AECA27C4EFCBD75D /* record_scratch.mp3 */; };
		15DA7010B00DE9BA569038BA /* tom.wav in Resources */ = {isa = PBXBuildFile; fileRef = 058A335933E6211369407475 /* tom.wav */; };
		16AFFBA63CE415B2E7F99B0F /* bell_f6.wav in Resources */ = {isa = PBXBuildFile; fileRef = CB2FA677806422D253F3D1C8 /* bell_f6.wav */; };
		175C2A4A9FE6D505F5D10896 /* JoystickAssignment.swift in Sources */ = {isa = PBXBuildFile; fileRef = E4E5B954DD6958CDDD624FE6 /* JoystickAssignment.swift */; };
		188E6B6FA094D1AF35E0271D /* SequencerView.swift in Sources */ = {isa = PBXBuildFile; fileRef = 7F121B0AAD6D2CC90128E465 /* SequencerView.swift */; };
		18ACA771B06BFF3DD1AF9475 /* Mi.wav in Resources */ = {isa = PBXBuildFile; fileRef = B9E1F7D904792E96DB2EB18D /* Mi.wav */; };
		1CAE9918798AC1C034084B62 /* rim.wav in Resources */ = {isa = PBXBuildFile; fileRef = AA370058D0B57CB71F1CDE35 /* rim.wav */; };
		1CDC8EBAC67A339912CB549A /* ShareKitView.swift in Sources */ = {isa = PBXBuildFile; fileRef = 09083D948B13ABF58A3EFE17 /* ShareKitView.swift */; };
		1F947541B345BA7C6B8C12AD /* success_chime.mp3 in Resources */ = {isa = PBXBuildFile; fileRef = 2A586625EB906E557F5A69A2 /* success_chime.mp3 */; };
		2918B441C5D58E803809CC6F /* KitStore.swift in Sources */ = {isa = PBXBuildFile; fileRef = 906703288BFA80918EC411D5 /* KitStore.swift */; };
		2D9CF0E0F59DB510536058B8 /* JoystickView.swift in Sources */ = {isa = PBXBuildFile; fileRef = 008BB52310634EDDD66D6A3A /* JoystickView.swift */; };
		2E6A22C03B5281BC60A0469B /* conga_high.wav in Resources */ = {isa = PBXBuildFile; fileRef = 567B518099A5A7189AAA1CBC /* conga_high.wav */; };
		2EFF3C565135B129F645C8E7 /* TransientDetector.swift in Sources */ = {isa = PBXBuildFile; fileRef = 486970E16BC1045E112746CB /* TransientDetector.swift */; };
		31C9C02443EE2F0348360603 /* sad_trombone.mp3 in Resources */ = {isa = PBXBuildFile; fileRef = EEF12664EED21706ABEEDCB9 /* sad_trombone.mp3 */; };
		32238BFCDC6A7719F4E78782 /* airhorn.mp3 in Resources */ = {isa = PBXBuildFile; fileRef = 7EF47856D5791577406E664A /* airhorn.mp3 */; };
		329DD9637B077BDDB9ACCD86 /* Preview Assets.xcassets in Resources */ = {isa = PBXBuildFile; fileRef = 259DAD813A3B72EA0DF6AAE0 /* Preview Assets.xcassets */; };
		34BCA182D2B1F00A5BE1A8A4 /* Pattern.swift in Sources */ = {isa = PBXBuildFile; fileRef = 4E73254BC37C58C8F97FE002 /* Pattern.swift */; };
		3798736235791A541AA0BF63 /* Localizable.xcstrings in Resources */ = {isa = PBXBuildFile; fileRef = 663C6B4B8A2157ABD8F60DAC /* Localizable.xcstrings */; };
		390BE112619596A7893D4137 /* PadEditorView.swift in Sources */ = {isa = PBXBuildFile; fileRef = F5DBF4350D8FE4E69E3ACFB7 /* PadEditorView.swift */; };
		3BCE6C76A990C26E4BF31807 /* laser.wav in Resources */ = {isa = PBXBuildFile; fileRef = D632DDA375DA5E5606B35468 /* laser.wav */; };
		3D0F7D583494F9B7748D1791 /* Assets.xcassets in Resources */ = {isa = PBXBuildFile; fileRef = A4320BC2642058FA597FD979 /* Assets.xcassets */; };
		417DEE8CB5B36CC831ED4220 /* Theme.swift in Sources */ = {isa = PBXBuildFile; fileRef = F1876A409670D512414A0E2E /* Theme.swift */; };
		4421B244BBD6911DD2509768 /* ArcadePadTests.swift in Sources */ = {isa = PBXBuildFile; fileRef = 825738DD05B125726B35F186 /* ArcadePadTests.swift */; };
		44E3EF887D5AFEF7802C94DD /* clap.mp3 in Resources */ = {isa = PBXBuildFile; fileRef = 864067971E3F266DB0A25ACC /* clap.mp3 */; };
		45AC674248A6CC34BB5E4775 /* applause.mp3 in Resources */ = {isa = PBXBuildFile; fileRef = 3A58C6F36A2DFD22015B7135 /* applause.mp3 */; };
		480FC8906C4BB516738B0830 /* StarterKit.swift in Sources */ = {isa = PBXBuildFile; fileRef = 7864022327BF8C56318461F0 /* StarterKit.swift */; };
		4D4D6BAF3CC847064A01582B /* perc.wav in Resources */ = {isa = PBXBuildFile; fileRef = E99419F99DABFF004F16DB29 /* perc.wav */; };
		4E7F8D07DBAC37A368B78A02 /* Nam.wav in Resources */ = {isa = PBXBuildFile; fileRef = 7D872C74A53A3414D38C49A9 /* Nam.wav */; };
		4F8C4235245E82745E3001BD /* bass_f2.wav in Resources */ = {isa = PBXBuildFile; fileRef = 2EAFD87A3A2517956A831610 /* bass_f2.wav */; };
		54DEA171F28E2AAC3FE9C89D /* SupabaseConfig.swift in Sources */ = {isa = PBXBuildFile; fileRef = E40EE8DF1B5889619A7EB3A0 /* SupabaseConfig.swift */; };
		57CCD90C0DE11066BB0B4AAE /* Kit.swift in Sources */ = {isa = PBXBuildFile; fileRef = 78FB4592FEC8426F4196B25A /* Kit.swift */; };
		58380C82A15E2273C4C26E81 /* RecordView.swift in Sources */ = {isa = PBXBuildFile; fileRef = B2BBCECD12C1188C50A4AD84 /* RecordView.swift */; };
		5B067902915416FE3CCE0BA4 /* bell_d5.wav in Resources */ = {isa = PBXBuildFile; fileRef = BDBF148E6C9EBAD5FD6F7595 /* bell_d5.wav */; };
		5BB1EFCFCB2BA110C0C05A95 /* ArcadePadUITests.swift in Sources */ = {isa = PBXBuildFile; fileRef = 5825C330D1D18FAA940579FC /* ArcadePadUITests.swift */; };
		5DCA62258630D8522DB59C13 /* SharedKitManifest.swift in Sources */ = {isa = PBXBuildFile; fileRef = 86FD1C41AF0D4996AD18A47E /* SharedKitManifest.swift */; };
		5E6193D5407670FFFCBBC1D5 /* conga_mid.wav in Resources */ = {isa = PBXBuildFile; fileRef = 4C2B7074BC567E27D21D5FCF /* conga_mid.wav */; };
		6375933D550DC5B585E79597 /* tom_high.wav in Resources */ = {isa = PBXBuildFile; fileRef = B271DDDEDC56614A4FBFC41A /* tom_high.wav */; };
		644ADEDD76C5C4AF077A605B /* powerup.wav in Resources */ = {isa = PBXBuildFile; fileRef = D0DDB4F70F556ED2EF65559A /* powerup.wav */; };
		6477CAF28F44558F4AA5FBC0 /* bell_d6.wav in Resources */ = {isa = PBXBuildFile; fileRef = B49DB71DAF92FEAC5E6CEA31 /* bell_d6.wav */; };
		64C15ADA0992F67AA0B8E988 /* kick_natural.mp3 in Resources */ = {isa = PBXBuildFile; fileRef = 9FEA1A362ACA9205E6F470DF /* kick_natural.mp3 */; };
		67C9E4A30E1DD892FBCA9C06 /* explosion.wav in Resources */ = {isa = PBXBuildFile; fileRef = F270F3DE3076F05D7FD372A2 /* explosion.wav */; };
		6B9B1244CC7554B814B6C0E6 /* Pad.swift in Sources */ = {isa = PBXBuildFile; fileRef = F73353312EEF24D1F17D11FC /* Pad.swift */; };
		6BC38797398B5B8ABFCAEFF9 /* snare.mp3 in Resources */ = {isa = PBXBuildFile; fileRef = 7ADA695EAF2C1AFD9B92B504 /* snare.mp3 */; };
		6C7AEA0BAAD8BDFB563BBD60 /* snare.wav in Resources */ = {isa = PBXBuildFile; fileRef = 9D674A62B2099843E5EB5857 /* snare.wav */; };
		6E387096E3BFDDF463692A06 /* jump.wav in Resources */ = {isa = PBXBuildFile; fileRef = 3713917AE22A8C30497AEEF5 /* jump.wav */; };
		6FC26EEDC83E9808A5016D75 /* coin.wav in Resources */ = {isa = PBXBuildFile; fileRef = FBE1FC00FC2D239637EDE077 /* coin.wav */; };
		75D94A73F49EDEF726C5A882 /* hihat_open.wav in Resources */ = {isa = PBXBuildFile; fileRef = 1FE441C0136C1B491DED4B6A /* hihat_open.wav */; };
		76F488FCB46175C21AC2D7A0 /* WaveformView.swift in Sources */ = {isa = PBXBuildFile; fileRef = 16348602297F3A9ECD5FDEBE /* WaveformView.swift */; };
		793A32C5E80D460667C5328E /* kick.mp3 in Resources */ = {isa = PBXBuildFile; fileRef = C979898B591F7438981F97C2 /* kick.mp3 */; };
		79B85974B7F92C035BF78B54 /* conga_low.wav in Resources */ = {isa = PBXBuildFile; fileRef = D0F6CF095AEE0E0B22C8A7FE /* conga_low.wav */; };
		79DB9E0947F023176C7EB3B8 /* buzzer.mp3 in Resources */ = {isa = PBXBuildFile; fileRef = D2D3FE1683B462F3618D6423 /* buzzer.mp3 */; };
		7D1FB9BDC4C192DB1F5EC2F5 /* hihat_closed.wav in Resources */ = {isa = PBXBuildFile; fileRef = 9C646BF871706B217C3FD6F1 /* hihat_closed.wav */; };
		7DF9310DBF47390913791918 /* bass_c2.wav in Resources */ = {isa = PBXBuildFile; fileRef = B6677479D3FB3F6BF50FC1A4 /* bass_c2.wav */; };
		7E09E20145FD4302F07FBF68 /* click.wav in Resources */ = {isa = PBXBuildFile; fileRef = D18F8320A6B8A0920AFB3CED /* click.wav */; };
		85A11F2D7B0B87099AA3CB34 /* Sample.swift in Sources */ = {isa = PBXBuildFile; fileRef = 39839F0CFA3AF013E51046F9 /* Sample.swift */; };
		86C5EE387EAE3190FBD3D822 /* SequencerExporter.swift in Sources */ = {isa = PBXBuildFile; fileRef = 0303F03C4B9897A34876975B /* SequencerExporter.swift */; };
		8E2B0E69213628C905ABF63A /* kick.wav in Resources */ = {isa = PBXBuildFile; fileRef = ADD0FF4154FB5FD3B4E978D8 /* kick.wav */; };
		8E3F7A0FDD3BA80A1BB4A5AB /* duck_quack.mp3 in Resources */ = {isa = PBXBuildFile; fileRef = 5F7B125D321554D94B8F9BC6 /* duck_quack.mp3 */; };
		8F3489C186FC8EC8BC60387B /* PadButtonView.swift in Sources */ = {isa = PBXBuildFile; fileRef = DA9004B69246E160A7E58BFC /* PadButtonView.swift */; };
		9CD9AF15CAEAA5D0A217FBF8 /* bass_eb2.wav in Resources */ = {isa = PBXBuildFile; fileRef = 8BD18F2DADB0073C1297445E /* bass_eb2.wav */; };
		A168CD6A7EE9C6A9D78144AA /* bass_bb2.wav in Resources */ = {isa = PBXBuildFile; fileRef = ED7CB8B87A27AFC14444F14B /* bass_bb2.wav */; };
		A55C9488D3012B1B930DEB5D /* bell_c6.wav in Resources */ = {isa = PBXBuildFile; fileRef = 797488A7C2A4727D6B841C4A /* bell_c6.wav */; };
		A817B2EE84D9EA6AA8ABF40F /* BroadcastRecorder.swift in Sources */ = {isa = PBXBuildFile; fileRef = 0740A1FCB501778B89322DBB /* BroadcastRecorder.swift */; };
		A953FE279079803EC7322BE8 /* bass_ab2.wav in Resources */ = {isa = PBXBuildFile; fileRef = 7C018D4790B934C03D5FAD5B /* bass_ab2.wav */; };
		B01BE9BC84B5FCAE131661E7 /* LICENSE_StreamerFX.txt in Resources */ = {isa = PBXBuildFile; fileRef = C0DB002C1305654D20B0F665 /* LICENSE_StreamerFX.txt */; };
		B0EC5233C425A8601FF27340 /* KitLibraryView.swift in Sources */ = {isa = PBXBuildFile; fileRef = A0BA8304082133A0A5355809 /* KitLibraryView.swift */; };
		B60A63693D4863D0C78562FF /* hihat_open.mp3 in Resources */ = {isa = PBXBuildFile; fileRef = FA4833BA3B77DCF7175F2406 /* hihat_open.mp3 */; };
		B8B7E3AF59AD792A2AF6BB5A /* drumroll.mp3 in Resources */ = {isa = PBXBuildFile; fileRef = E3C4F1617AFA25C8B1CA678E /* drumroll.mp3 */; };
		B936157CF6A2988085DD25B2 /* SplitAudioView.swift in Sources */ = {isa = PBXBuildFile; fileRef = 72DDAC7B52823C6D526F5328 /* SplitAudioView.swift */; };
		BBD7A61FF3F7EF057D5611DF /* bass_d2.wav in Resources */ = {isa = PBXBuildFile; fileRef = 63E5664431573C2E9D32AC8A /* bass_d2.wav */; };
		C205FC13366999957B4AD998 /* WaveformLoader.swift in Sources */ = {isa = PBXBuildFile; fileRef = C69B7BAA0E58E1491ACC295A /* WaveformLoader.swift */; };
		C41919C101B2C73D2644DAF5 /* slap.wav in Resources */ = {isa = PBXBuildFile; fileRef = BBE220701E01DD6CB3179B17 /* slap.wav */; };
		C48BE19F8ED9BD82BA2D8F70 /* SampleHandler.swift in Sources */ = {isa = PBXBuildFile; fileRef = BBF9F483D678C8E6ED26EE57 /* SampleHandler.swift */; };
		C73BC0B3C0067331FFE9D033 /* ArcadePadApp.swift in Sources */ = {isa = PBXBuildFile; fileRef = 3F8F06981EA38414FF2D0740 /* ArcadePadApp.swift */; };
		C87FED6BF79886098A17F1D1 /* tom.mp3 in Resources */ = {isa = PBXBuildFile; fileRef = 92A5DE0364F8D89083C4A45F /* tom.mp3 */; };
		C977A85CC11A8FD1E1582F3B /* PadGridView.swift in Sources */ = {isa = PBXBuildFile; fileRef = E9B37809345BDFCADF50FECC /* PadGridView.swift */; };
		C9E566A0BF1BCF438766F96B /* KitSummary.swift in Sources */ = {isa = PBXBuildFile; fileRef = D53B1AC469FC42E0C75DA652 /* KitSummary.swift */; };
		CC76A5EB4C260F3E3F8C806D /* bell_a5.wav in Resources */ = {isa = PBXBuildFile; fileRef = A5A5D50B235F9AD32CD8075A /* bell_a5.wav */; };
		D1A68A95C6BF629F52C12FDF /* ShareService.swift in Sources */ = {isa = PBXBuildFile; fileRef = 42B28CB88B6A0AB5023D278B /* ShareService.swift */; };
		DA6BF3675BAD3E57A9BE6790 /* bell_c5.wav in Resources */ = {isa = PBXBuildFile; fileRef = 01514AD530384FEEC3F9FB4E /* bell_c5.wav */; };
		DBC00F64C7F8152E25FA963F /* BroadcastPickerView.swift in Sources */ = {isa = PBXBuildFile; fileRef = 0C2710DF68EF3E25CFBE0CEB /* BroadcastPickerView.swift */; };
		DCA3709AFDA5C167B22F628F /* Ka.wav in Resources */ = {isa = PBXBuildFile; fileRef = 9BE23E1AA3201D92FED55D76 /* Ka.wav */; };
		DE21107CE79A7445B6B5713B /* bell_g5.wav in Resources */ = {isa = PBXBuildFile; fileRef = 7D8B7C3EBE8EF989676BF5FC /* bell_g5.wav */; };
		E5469B17F9E1531CF743480E /* crash.mp3 in Resources */ = {isa = PBXBuildFile; fileRef = F70E032484A048F6EAF5F337 /* crash.mp3 */; };
		E595AA80C741B422EE109BC4 /* DuplicatePadTargetView.swift in Sources */ = {isa = PBXBuildFile; fileRef = 68354F0F711166C47428172F /* DuplicatePadTargetView.swift */; };
		E84CF0167BF180DF3B6B5322 /* Ki.wav in Resources */ = {isa = PBXBuildFile; fileRef = AC11622F55D45F56259D3B11 /* Ki.wav */; };
		E9100DA7E3B27E8FC07489C4 /* select.wav in Resources */ = {isa = PBXBuildFile; fileRef = F1B0DFBF37692F382520462C /* select.wav */; };
		E9631204D575DDB9182E6416 /* LICENSE.txt in Resources */ = {isa = PBXBuildFile; fileRef = F22E0EFD65DB5BD002895549 /* LICENSE.txt */; };
		E9BF6D505D60E61BFAB4C6AA /* ContentView.swift in Sources */ = {isa = PBXBuildFile; fileRef = E7C9A97892BB291BD77A2825 /* ContentView.swift */; };
		EF771AD6381815319949649F /* hit.wav in Resources */ = {isa = PBXBuildFile; fileRef = ECC11272935C0685DEEB1849 /* hit.wav */; };
		F1B1DCF7C3DAECD1C7163A59 /* tom_low.wav in Resources */ = {isa = PBXBuildFile; fileRef = A457CF073D461A8648619FC8 /* tom_low.wav */; };
		F24E52E35003B74FEB54FA35 /* bass_g2.wav in Resources */ = {isa = PBXBuildFile; fileRef = 6216F9644F27F8CC949B2D3E /* bass_g2.wav */; };
		F42728A83C737C93A5A39851 /* Ta.wav in Resources */ = {isa = PBXBuildFile; fileRef = 7EF7EEAE80849EA2B45433B1 /* Ta.wav */; };
		F4433CA0722C704CA3FEF865 /* AudioEngine.swift in Sources */ = {isa = PBXBuildFile; fileRef = 0C505A7ADE905751F28EE583 /* AudioEngine.swift */; };
		FA82C36412C0BA32F484D5CB /* SequencerEngine.swift in Sources */ = {isa = PBXBuildFile; fileRef = 251635B4D4CD9184EE610FF7 /* SequencerEngine.swift */; };
/* End PBXBuildFile section */

/* Begin PBXContainerItemProxy section */
		17270297B254F6526856D18B /* PBXContainerItemProxy */ = {
			isa = PBXContainerItemProxy;
			containerPortal = 48407DA0897589D296E6DEFA /* Project object */;
			proxyType = 1;
			remoteGlobalIDString = F636D3E5B93B882A2F69061C;
			remoteInfo = ArcadePadBroadcast;
		};
		4C1CB96C983F37AE6FD32759 /* PBXContainerItemProxy */ = {
			isa = PBXContainerItemProxy;
			containerPortal = 48407DA0897589D296E6DEFA /* Project object */;
			proxyType = 1;
			remoteGlobalIDString = 456876E5C1DE35EB19A3F1AA;
			remoteInfo = ArcadePad;
		};
		C4164C042267FA5E765E0BB4 /* PBXContainerItemProxy */ = {
			isa = PBXContainerItemProxy;
			containerPortal = 48407DA0897589D296E6DEFA /* Project object */;
			proxyType = 1;
			remoteGlobalIDString = 456876E5C1DE35EB19A3F1AA;
			remoteInfo = ArcadePad;
		};
/* End PBXContainerItemProxy section */

/* Begin PBXCopyFilesBuildPhase section */
		AAAED5D4785E1DCC59FA3A68 /* Embed Foundation Extensions */ = {
			isa = PBXCopyFilesBuildPhase;
			buildActionMask = 2147483647;
			dstPath = "";
			dstSubfolderSpec = 13;
			files = (
				00527A2A2577400B8530BD07 /* ArcadePadBroadcast.appex in Embed Foundation Extensions */,
			);
			name = "Embed Foundation Extensions";
			runOnlyForDeploymentPostprocessing = 0;
		};
/* End PBXCopyFilesBuildPhase section */

/* Begin PBXFileReference section */
		008BB52310634EDDD66D6A3A /* JoystickView.swift */ = {isa = PBXFileReference; lastKnownFileType = sourcecode.swift; path = JoystickView.swift; sourceTree = "<group>"; };
		01514AD530384FEEC3F9FB4E /* bell_c5.wav */ = {isa = PBXFileReference; lastKnownFileType = audio.wav; path = bell_c5.wav; sourceTree = "<group>"; };
		0303F03C4B9897A34876975B /* SequencerExporter.swift */ = {isa = PBXFileReference; lastKnownFileType = sourcecode.swift; path = SequencerExporter.swift; sourceTree = "<group>"; };
		058A335933E6211369407475 /* tom.wav */ = {isa = PBXFileReference; lastKnownFileType = audio.wav; path = tom.wav; sourceTree = "<group>"; };
		05993F313377C100EB168A50 /* shaker.wav */ = {isa = PBXFileReference; lastKnownFileType = audio.wav; path = shaker.wav; sourceTree = "<group>"; };
		0740A1FCB501778B89322DBB /* BroadcastRecorder.swift */ = {isa = PBXFileReference; lastKnownFileType = sourcecode.swift; path = BroadcastRecorder.swift; sourceTree = "<group>"; };
		09083D948B13ABF58A3EFE17 /* ShareKitView.swift */ = {isa = PBXFileReference; lastKnownFileType = sourcecode.swift; path = ShareKitView.swift; sourceTree = "<group>"; };
		0C2710DF68EF3E25CFBE0CEB /* BroadcastPickerView.swift */ = {isa = PBXFileReference; lastKnownFileType = sourcecode.swift; path = BroadcastPickerView.swift; sourceTree = "<group>"; };
		0C505A7ADE905751F28EE583 /* AudioEngine.swift */ = {isa = PBXFileReference; lastKnownFileType = sourcecode.swift; path = AudioEngine.swift; sourceTree = "<group>"; };
		16348602297F3A9ECD5FDEBE /* WaveformView.swift */ = {isa = PBXFileReference; lastKnownFileType = sourcecode.swift; path = WaveformView.swift; sourceTree = "<group>"; };
		18C334D618188AACFF54D5E1 /* bass_c3.wav */ = {isa = PBXFileReference; lastKnownFileType = audio.wav; path = bass_c3.wav; sourceTree = "<group>"; };
		1FE441C0136C1B491DED4B6A /* hihat_open.wav */ = {isa = PBXFileReference; lastKnownFileType = audio.wav; path = hihat_open.wav; sourceTree = "<group>"; };
		251635B4D4CD9184EE610FF7 /* SequencerEngine.swift */ = {isa = PBXFileReference; lastKnownFileType = sourcecode.swift; path = SequencerEngine.swift; sourceTree = "<group>"; };
		259DAD813A3B72EA0DF6AAE0 /* Preview Assets.xcassets */ = {isa = PBXFileReference; lastKnownFileType = folder.assetcatalog; path = "Preview Assets.xcassets"; sourceTree = "<group>"; };
		2A586625EB906E557F5A69A2 /* success_chime.mp3 */ = {isa = PBXFileReference; lastKnownFileType = audio.mp3; path = success_chime.mp3; sourceTree = "<group>"; };
		2CEFEE8CF3BC44D1B23448B1 /* ArcadePadTests.xctest */ = {isa = PBXFileReference; includeInIndex = 0; lastKnownFileType = wrapper.cfbundle; path = ArcadePadTests.xctest; sourceTree = BUILT_PRODUCTS_DIR; };
		2EAFD87A3A2517956A831610 /* bass_f2.wav */ = {isa = PBXFileReference; lastKnownFileType = audio.wav; path = bass_f2.wav; sourceTree = "<group>"; };
		3713917AE22A8C30497AEEF5 /* jump.wav */ = {isa = PBXFileReference; lastKnownFileType = audio.wav; path = jump.wav; sourceTree = "<group>"; };
		39839F0CFA3AF013E51046F9 /* Sample.swift */ = {isa = PBXFileReference; lastKnownFileType = sourcecode.swift; path = Sample.swift; sourceTree = "<group>"; };
		3A58C6F36A2DFD22015B7135 /* applause.mp3 */ = {isa = PBXFileReference; lastKnownFileType = audio.mp3; path = applause.mp3; sourceTree = "<group>"; };
		3F3A2B8D5B4AA9C2AFF69BF4 /* hihat_closed.mp3 */ = {isa = PBXFileReference; lastKnownFileType = audio.mp3; path = hihat_closed.mp3; sourceTree = "<group>"; };
		3F8F06981EA38414FF2D0740 /* ArcadePadApp.swift */ = {isa = PBXFileReference; lastKnownFileType = sourcecode.swift; path = ArcadePadApp.swift; sourceTree = "<group>"; };
		41E3DB7455E0504339ABDE4B /* ArcadePadUITests.xctest */ = {isa = PBXFileReference; includeInIndex = 0; lastKnownFileType = wrapper.cfbundle; path = ArcadePadUITests.xctest; sourceTree = BUILT_PRODUCTS_DIR; };
		42B28CB88B6A0AB5023D278B /* ShareService.swift */ = {isa = PBXFileReference; lastKnownFileType = sourcecode.swift; path = ShareService.swift; sourceTree = "<group>"; };
		486970E16BC1045E112746CB /* TransientDetector.swift */ = {isa = PBXFileReference; lastKnownFileType = sourcecode.swift; path = TransientDetector.swift; sourceTree = "<group>"; };
		4ACCFE9A404F39BF47A392C1 /* clap.wav */ = {isa = PBXFileReference; lastKnownFileType = audio.wav; path = clap.wav; sourceTree = "<group>"; };
		4C2B7074BC567E27D21D5FCF /* conga_mid.wav */ = {isa = PBXFileReference; lastKnownFileType = audio.wav; path = conga_mid.wav; sourceTree = "<group>"; };
		4E73254BC37C58C8F97FE002 /* Pattern.swift */ = {isa = PBXFileReference; lastKnownFileType = sourcecode.swift; path = Pattern.swift; sourceTree = "<group>"; };
		53E469FD31C8C234F9CFF3DA /* ArcadePadBroadcast.appex */ = {isa = PBXFileReference; includeInIndex = 0; lastKnownFileType = "wrapper.app-extension"; path = ArcadePadBroadcast.appex; sourceTree = BUILT_PRODUCTS_DIR; };
		567B518099A5A7189AAA1CBC /* conga_high.wav */ = {isa = PBXFileReference; lastKnownFileType = audio.wav; path = conga_high.wav; sourceTree = "<group>"; };
		5825C330D1D18FAA940579FC /* ArcadePadUITests.swift */ = {isa = PBXFileReference; lastKnownFileType = sourcecode.swift; path = ArcadePadUITests.swift; sourceTree = "<group>"; };
		5BE19669841D4B4AEA7C4F77 /* Di.wav */ = {isa = PBXFileReference; lastKnownFileType = audio.wav; path = Di.wav; sourceTree = "<group>"; };
		5F7B125D321554D94B8F9BC6 /* duck_quack.mp3 */ = {isa = PBXFileReference; lastKnownFileType = audio.mp3; path = duck_quack.mp3; sourceTree = "<group>"; };
		6216F9644F27F8CC949B2D3E /* bass_g2.wav */ = {isa = PBXFileReference; lastKnownFileType = audio.wav; path = bass_g2.wav; sourceTree = "<group>"; };
		63E5664431573C2E9D32AC8A /* bass_d2.wav */ = {isa = PBXFileReference; lastKnownFileType = audio.wav; path = bass_d2.wav; sourceTree = "<group>"; };
		663C6B4B8A2157ABD8F60DAC /* Localizable.xcstrings */ = {isa = PBXFileReference; lastKnownFileType = text.json.xcstrings; path = Localizable.xcstrings; sourceTree = "<group>"; };
		68354F0F711166C47428172F /* DuplicatePadTargetView.swift */ = {isa = PBXFileReference; lastKnownFileType = sourcecode.swift; path = DuplicatePadTargetView.swift; sourceTree = "<group>"; };
		72DDAC7B52823C6D526F5328 /* SplitAudioView.swift */ = {isa = PBXFileReference; lastKnownFileType = sourcecode.swift; path = SplitAudioView.swift; sourceTree = "<group>"; };
		7864022327BF8C56318461F0 /* StarterKit.swift */ = {isa = PBXFileReference; lastKnownFileType = sourcecode.swift; path = StarterKit.swift; sourceTree = "<group>"; };
		78FB4592FEC8426F4196B25A /* Kit.swift */ = {isa = PBXFileReference; lastKnownFileType = sourcecode.swift; path = Kit.swift; sourceTree = "<group>"; };
		797488A7C2A4727D6B841C4A /* bell_c6.wav */ = {isa = PBXFileReference; lastKnownFileType = audio.wav; path = bell_c6.wav; sourceTree = "<group>"; };
		7ADA695EAF2C1AFD9B92B504 /* snare.mp3 */ = {isa = PBXFileReference; lastKnownFileType = audio.mp3; path = snare.mp3; sourceTree = "<group>"; };
		7C018D4790B934C03D5FAD5B /* bass_ab2.wav */ = {isa = PBXFileReference; lastKnownFileType = audio.wav; path = bass_ab2.wav; sourceTree = "<group>"; };
		7D872C74A53A3414D38C49A9 /* Nam.wav */ = {isa = PBXFileReference; lastKnownFileType = audio.wav; path = Nam.wav; sourceTree = "<group>"; };
		7D8B7C3EBE8EF989676BF5FC /* bell_g5.wav */ = {isa = PBXFileReference; lastKnownFileType = audio.wav; path = bell_g5.wav; sourceTree = "<group>"; };
		7EF47856D5791577406E664A /* airhorn.mp3 */ = {isa = PBXFileReference; lastKnownFileType = audio.mp3; path = airhorn.mp3; sourceTree = "<group>"; };
		7EF7EEAE80849EA2B45433B1 /* Ta.wav */ = {isa = PBXFileReference; lastKnownFileType = audio.wav; path = Ta.wav; sourceTree = "<group>"; };
		7F121B0AAD6D2CC90128E465 /* SequencerView.swift */ = {isa = PBXFileReference; lastKnownFileType = sourcecode.swift; path = SequencerView.swift; sourceTree = "<group>"; };
		825738DD05B125726B35F186 /* ArcadePadTests.swift */ = {isa = PBXFileReference; lastKnownFileType = sourcecode.swift; path = ArcadePadTests.swift; sourceTree = "<group>"; };
		864067971E3F266DB0A25ACC /* clap.mp3 */ = {isa = PBXFileReference; lastKnownFileType = audio.mp3; path = clap.mp3; sourceTree = "<group>"; };
		86FD1C41AF0D4996AD18A47E /* SharedKitManifest.swift */ = {isa = PBXFileReference; lastKnownFileType = sourcecode.swift; path = SharedKitManifest.swift; sourceTree = "<group>"; };
		8BD18F2DADB0073C1297445E /* bass_eb2.wav */ = {isa = PBXFileReference; lastKnownFileType = audio.wav; path = bass_eb2.wav; sourceTree = "<group>"; };
		906703288BFA80918EC411D5 /* KitStore.swift */ = {isa = PBXFileReference; lastKnownFileType = sourcecode.swift; path = KitStore.swift; sourceTree = "<group>"; };
		92A5DE0364F8D89083C4A45F /* tom.mp3 */ = {isa = PBXFileReference; lastKnownFileType = audio.mp3; path = tom.mp3; sourceTree = "<group>"; };
		979A6AA4AECA27C4EFCBD75D /* record_scratch.mp3 */ = {isa = PBXFileReference; lastKnownFileType = audio.mp3; path = record_scratch.mp3; sourceTree = "<group>"; };
		9BE23E1AA3201D92FED55D76 /* Ka.wav */ = {isa = PBXFileReference; lastKnownFileType = audio.wav; path = Ka.wav; sourceTree = "<group>"; };
		9C646BF871706B217C3FD6F1 /* hihat_closed.wav */ = {isa = PBXFileReference; lastKnownFileType = audio.wav; path = hihat_closed.wav; sourceTree = "<group>"; };
		9D674A62B2099843E5EB5857 /* snare.wav */ = {isa = PBXFileReference; lastKnownFileType = audio.wav; path = snare.wav; sourceTree = "<group>"; };
		9FEA1A362ACA9205E6F470DF /* kick_natural.mp3 */ = {isa = PBXFileReference; lastKnownFileType = audio.mp3; path = kick_natural.mp3; sourceTree = "<group>"; };
		A0BA8304082133A0A5355809 /* KitLibraryView.swift */ = {isa = PBXFileReference; lastKnownFileType = sourcecode.swift; path = KitLibraryView.swift; sourceTree = "<group>"; };
		A4320BC2642058FA597FD979 /* Assets.xcassets */ = {isa = PBXFileReference; lastKnownFileType = folder.assetcatalog; path = Assets.xcassets; sourceTree = "<group>"; };
		A457CF073D461A8648619FC8 /* tom_low.wav */ = {isa = PBXFileReference; lastKnownFileType = audio.wav; path = tom_low.wav; sourceTree = "<group>"; };
		A5A5D50B235F9AD32CD8075A /* bell_a5.wav */ = {isa = PBXFileReference; lastKnownFileType = audio.wav; path = bell_a5.wav; sourceTree = "<group>"; };
		AA370058D0B57CB71F1CDE35 /* rim.wav */ = {isa = PBXFileReference; lastKnownFileType = audio.wav; path = rim.wav; sourceTree = "<group>"; };
		AC11622F55D45F56259D3B11 /* Ki.wav */ = {isa = PBXFileReference; lastKnownFileType = audio.wav; path = Ki.wav; sourceTree = "<group>"; };
		ADD0FF4154FB5FD3B4E978D8 /* kick.wav */ = {isa = PBXFileReference; lastKnownFileType = audio.wav; path = kick.wav; sourceTree = "<group>"; };
		AF66E9DB972E69F117E3F54B /* bell_f5.wav */ = {isa = PBXFileReference; lastKnownFileType = audio.wav; path = bell_f5.wav; sourceTree = "<group>"; };
		B271DDDEDC56614A4FBFC41A /* tom_high.wav */ = {isa = PBXFileReference; lastKnownFileType = audio.wav; path = tom_high.wav; sourceTree = "<group>"; };
		B2BBCECD12C1188C50A4AD84 /* RecordView.swift */ = {isa = PBXFileReference; lastKnownFileType = sourcecode.swift; path = RecordView.swift; sourceTree = "<group>"; };
		B49DB71DAF92FEAC5E6CEA31 /* bell_d6.wav */ = {isa = PBXFileReference; lastKnownFileType = audio.wav; path = bell_d6.wav; sourceTree = "<group>"; };
		B6677479D3FB3F6BF50FC1A4 /* bass_c2.wav */ = {isa = PBXFileReference; lastKnownFileType = audio.wav; path = bass_c2.wav; sourceTree = "<group>"; };
		B9E1F7D904792E96DB2EB18D /* Mi.wav */ = {isa = PBXFileReference; lastKnownFileType = audio.wav; path = Mi.wav; sourceTree = "<group>"; };
		BBE220701E01DD6CB3179B17 /* slap.wav */ = {isa = PBXFileReference; lastKnownFileType = audio.wav; path = slap.wav; sourceTree = "<group>"; };
		BBF9F483D678C8E6ED26EE57 /* SampleHandler.swift */ = {isa = PBXFileReference; lastKnownFileType = sourcecode.swift; path = SampleHandler.swift; sourceTree = "<group>"; };
		BDBF148E6C9EBAD5FD6F7595 /* bell_d5.wav */ = {isa = PBXFileReference; lastKnownFileType = audio.wav; path = bell_d5.wav; sourceTree = "<group>"; };
		C0DB002C1305654D20B0F665 /* LICENSE_StreamerFX.txt */ = {isa = PBXFileReference; lastKnownFileType = text; path = LICENSE_StreamerFX.txt; sourceTree = "<group>"; };
		C69B7BAA0E58E1491ACC295A /* WaveformLoader.swift */ = {isa = PBXFileReference; lastKnownFileType = sourcecode.swift; path = WaveformLoader.swift; sourceTree = "<group>"; };
		C6E6102E508D3063368398DE /* Info.plist */ = {isa = PBXFileReference; lastKnownFileType = text.plist; path = Info.plist; sourceTree = "<group>"; };
		C979898B591F7438981F97C2 /* kick.mp3 */ = {isa = PBXFileReference; lastKnownFileType = audio.mp3; path = kick.mp3; sourceTree = "<group>"; };
		CB2FA677806422D253F3D1C8 /* bell_f6.wav */ = {isa = PBXFileReference; lastKnownFileType = audio.wav; path = bell_f6.wav; sourceTree = "<group>"; };
		D0DDB4F70F556ED2EF65559A /* powerup.wav */ = {isa = PBXFileReference; lastKnownFileType = audio.wav; path = powerup.wav; sourceTree = "<group>"; };
		D0F6CF095AEE0E0B22C8A7FE /* conga_low.wav */ = {isa = PBXFileReference; lastKnownFileType = audio.wav; path = conga_low.wav; sourceTree = "<group>"; };
		D18F8320A6B8A0920AFB3CED /* click.wav */ = {isa = PBXFileReference; lastKnownFileType = audio.wav; path = click.wav; sourceTree = "<group>"; };
		D2D3FE1683B462F3618D6423 /* buzzer.mp3 */ = {isa = PBXFileReference; lastKnownFileType = audio.mp3; path = buzzer.mp3; sourceTree = "<group>"; };
		D4528EBB6AA4D422A7533CE4 /* ArcadePad.entitlements */ = {isa = PBXFileReference; lastKnownFileType = text.plist.entitlements; path = ArcadePad.entitlements; sourceTree = "<group>"; };
		D53B1AC469FC42E0C75DA652 /* KitSummary.swift */ = {isa = PBXFileReference; lastKnownFileType = sourcecode.swift; path = KitSummary.swift; sourceTree = "<group>"; };
		D632DDA375DA5E5606B35468 /* laser.wav */ = {isa = PBXFileReference; lastKnownFileType = audio.wav; path = laser.wav; sourceTree = "<group>"; };
		DA9004B69246E160A7E58BFC /* PadButtonView.swift */ = {isa = PBXFileReference; lastKnownFileType = sourcecode.swift; path = PadButtonView.swift; sourceTree = "<group>"; };
		E3C4F1617AFA25C8B1CA678E /* drumroll.mp3 */ = {isa = PBXFileReference; lastKnownFileType = audio.mp3; path = drumroll.mp3; sourceTree = "<group>"; };
		E40EE8DF1B5889619A7EB3A0 /* SupabaseConfig.swift */ = {isa = PBXFileReference; lastKnownFileType = sourcecode.swift; path = SupabaseConfig.swift; sourceTree = "<group>"; };
		E4E5B954DD6958CDDD624FE6 /* JoystickAssignment.swift */ = {isa = PBXFileReference; lastKnownFileType = sourcecode.swift; path = JoystickAssignment.swift; sourceTree = "<group>"; };
		E7C9A97892BB291BD77A2825 /* ContentView.swift */ = {isa = PBXFileReference; lastKnownFileType = sourcecode.swift; path = ContentView.swift; sourceTree = "<group>"; };
		E99419F99DABFF004F16DB29 /* perc.wav */ = {isa = PBXFileReference; lastKnownFileType = audio.wav; path = perc.wav; sourceTree = "<group>"; };
		E9B37809345BDFCADF50FECC /* PadGridView.swift */ = {isa = PBXFileReference; lastKnownFileType = sourcecode.swift; path = PadGridView.swift; sourceTree = "<group>"; };
		ECC11272935C0685DEEB1849 /* hit.wav */ = {isa = PBXFileReference; lastKnownFileType = audio.wav; path = hit.wav; sourceTree = "<group>"; };
		ED65D1FE03417EAC4B2DE0AF /* gameover.wav */ = {isa = PBXFileReference; lastKnownFileType = audio.wav; path = gameover.wav; sourceTree = "<group>"; };
		ED7CB8B87A27AFC14444F14B /* bass_bb2.wav */ = {isa = PBXFileReference; lastKnownFileType = audio.wav; path = bass_bb2.wav; sourceTree = "<group>"; };
		EEF12664EED21706ABEEDCB9 /* sad_trombone.mp3 */ = {isa = PBXFileReference; lastKnownFileType = audio.mp3; path = sad_trombone.mp3; sourceTree = "<group>"; };
		F1876A409670D512414A0E2E /* Theme.swift */ = {isa = PBXFileReference; lastKnownFileType = sourcecode.swift; path = Theme.swift; sourceTree = "<group>"; };
		F1B0DFBF37692F382520462C /* select.wav */ = {isa = PBXFileReference; lastKnownFileType = audio.wav; path = select.wav; sourceTree = "<group>"; };
		F22E0EFD65DB5BD002895549 /* LICENSE.txt */ = {isa = PBXFileReference; lastKnownFileType = text; path = LICENSE.txt; sourceTree = "<group>"; };
		F270F3DE3076F05D7FD372A2 /* explosion.wav */ = {isa = PBXFileReference; lastKnownFileType = audio.wav; path = explosion.wav; sourceTree = "<group>"; };
		F5BEE2AF7723BC95E7864128 /* ArcadePadBroadcast.entitlements */ = {isa = PBXFileReference; lastKnownFileType = text.plist.entitlements; path = ArcadePadBroadcast.entitlements; sourceTree = "<group>"; };
		F5DBF4350D8FE4E69E3ACFB7 /* PadEditorView.swift */ = {isa = PBXFileReference; lastKnownFileType = sourcecode.swift; path = PadEditorView.swift; sourceTree = "<group>"; };
		F70E032484A048F6EAF5F337 /* crash.mp3 */ = {isa = PBXFileReference; lastKnownFileType = audio.mp3; path = crash.mp3; sourceTree = "<group>"; };
		F73353312EEF24D1F17D11FC /* Pad.swift */ = {isa = PBXFileReference; lastKnownFileType = sourcecode.swift; path = Pad.swift; sourceTree = "<group>"; };
		FA4833BA3B77DCF7175F2406 /* hihat_open.mp3 */ = {isa = PBXFileReference; lastKnownFileType = audio.mp3; path = hihat_open.mp3; sourceTree = "<group>"; };
		FB4EFF13118749E130300C30 /* ArcadePad.app */ = {isa = PBXFileReference; includeInIndex = 0; lastKnownFileType = wrapper.application; path = ArcadePad.app; sourceTree = BUILT_PRODUCTS_DIR; };
		FBE1FC00FC2D239637EDE077 /* coin.wav */ = {isa = PBXFileReference; lastKnownFileType = audio.wav; path = coin.wav; sourceTree = "<group>"; };
/* End PBXFileReference section */

/* Begin PBXGroup section */
		02B2EDBD132EB8962BA8FABB /* Audio */ = {
			isa = PBXGroup;
			children = (
				0C505A7ADE905751F28EE583 /* AudioEngine.swift */,
				0740A1FCB501778B89322DBB /* BroadcastRecorder.swift */,
				0303F03C4B9897A34876975B /* SequencerExporter.swift */,
				486970E16BC1045E112746CB /* TransientDetector.swift */,
				C69B7BAA0E58E1491ACC295A /* WaveformLoader.swift */,
			);
			path = Audio;
			sourceTree = "<group>";
		};
		072C388269655EDBA590B746 /* Sharing */ = {
			isa = PBXGroup;
			children = (
				86FD1C41AF0D4996AD18A47E /* SharedKitManifest.swift */,
				42B28CB88B6A0AB5023D278B /* ShareService.swift */,
				E40EE8DF1B5889619A7EB3A0 /* SupabaseConfig.swift */,
			);
			path = Sharing;
			sourceTree = "<group>";
		};
		0823978BD79C9CE77BE1E5B5 /* SynthBass */ = {
			isa = PBXGroup;
			children = (
				7C018D4790B934C03D5FAD5B /* bass_ab2.wav */,
				ED7CB8B87A27AFC14444F14B /* bass_bb2.wav */,
				B6677479D3FB3F6BF50FC1A4 /* bass_c2.wav */,
				18C334D618188AACFF54D5E1 /* bass_c3.wav */,
				63E5664431573C2E9D32AC8A /* bass_d2.wav */,
				8BD18F2DADB0073C1297445E /* bass_eb2.wav */,
				2EAFD87A3A2517956A831610 /* bass_f2.wav */,
				6216F9644F27F8CC949B2D3E /* bass_g2.wav */,
			);
			path = SynthBass;
			sourceTree = "<group>";
		};
		0ABC516BAB02CA08787EE0DE /* Products */ = {
			isa = PBXGroup;
			children = (
				FB4EFF13118749E130300C30 /* ArcadePad.app */,
				53E469FD31C8C234F9CFF3DA /* ArcadePadBroadcast.appex */,
				2CEFEE8CF3BC44D1B23448B1 /* ArcadePadTests.xctest */,
				41E3DB7455E0504339ABDE4B /* ArcadePadUITests.xctest */,
			);
			name = Products;
			sourceTree = "<group>";
		};
		14A677627BF6698EBDAF1FF6 /* ArcadePad */ = {
			isa = PBXGroup;
			children = (
				D4528EBB6AA4D422A7533CE4 /* ArcadePad.entitlements */,
				3F8F06981EA38414FF2D0740 /* ArcadePadApp.swift */,
				A4320BC2642058FA597FD979 /* Assets.xcassets */,
				663C6B4B8A2157ABD8F60DAC /* Localizable.xcstrings */,
				F55A03AD7DD83F17B9023200 /* Core */,
				2D85BDDE4B65700D0B102D56 /* Preview Content */,
				694624299003AEAEE7A46933 /* StarterKits */,
				180F7931800193FFF691E38F /* Views */,
			);
			path = ArcadePad;
			sourceTree = "<group>";
		};
		180F7931800193FFF691E38F /* Views */ = {
			isa = PBXGroup;
			children = (
				E7C9A97892BB291BD77A2825 /* ContentView.swift */,
				68354F0F711166C47428172F /* DuplicatePadTargetView.swift */,
				A0BA8304082133A0A5355809 /* KitLibraryView.swift */,
				F5DBF4350D8FE4E69E3ACFB7 /* PadEditorView.swift */,
				B2BBCECD12C1188C50A4AD84 /* RecordView.swift */,
				7F121B0AAD6D2CC90128E465 /* SequencerView.swift */,
				09083D948B13ABF58A3EFE17 /* ShareKitView.swift */,
				72DDAC7B52823C6D526F5328 /* SplitAudioView.swift */,
				F1876A409670D512414A0E2E /* Theme.swift */,
				AF5E3E27D4A065B2AA60CFBD /* Components */,
			);
			path = Views;
			sourceTree = "<group>";
		};
		1AE4D8054CEEEF104F51F98A /* Persistence */ = {
			isa = PBXGroup;
			children = (
				906703288BFA80918EC411D5 /* KitStore.swift */,
			);
			path = Persistence;
			sourceTree = "<group>";
		};
		1DAB356D221B29111C5B8D6C /* Sequencer */ = {
			isa = PBXGroup;
			children = (
				251635B4D4CD9184EE610FF7 /* SequencerEngine.swift */,
			);
			path = Sequencer;
			sourceTree = "<group>";
		};
		20437245F4EB1521E0A9C19C /* ArcadePadUITests */ = {
			isa = PBXGroup;
			children = (
				5825C330D1D18FAA940579FC /* ArcadePadUITests.swift */,
			);
			path = ArcadePadUITests;
			sourceTree = "<group>";
		};
		2D85BDDE4B65700D0B102D56 /* Preview Content */ = {
			isa = PBXGroup;
			children = (
				259DAD813A3B72EA0DF6AAE0 /* Preview Assets.xcassets */,
			);
			path = "Preview Content";
			sourceTree = "<group>";
		};
		4722179753ED5D782772BD51 /* DrumKit */ = {
			isa = PBXGroup;
			children = (
				864067971E3F266DB0A25ACC /* clap.mp3 */,
				F70E032484A048F6EAF5F337 /* crash.mp3 */,
				3F3A2B8D5B4AA9C2AFF69BF4 /* hihat_closed.mp3 */,
				FA4833BA3B77DCF7175F2406 /* hihat_open.mp3 */,
				9FEA1A362ACA9205E6F470DF /* kick_natural.mp3 */,
				C979898B591F7438981F97C2 /* kick.mp3 */,
				F22E0EFD65DB5BD002895549 /* LICENSE.txt */,
				7ADA695EAF2C1AFD9B92B504 /* snare.mp3 */,
				92A5DE0364F8D89083C4A45F /* tom.mp3 */,
			);
			path = DrumKit;
			sourceTree = "<group>";
		};
		62956ECF4522946C0F2AAA12 /* Chiptune */ = {
			isa = PBXGroup;
			children = (
				FBE1FC00FC2D239637EDE077 /* coin.wav */,
				F270F3DE3076F05D7FD372A2 /* explosion.wav */,
				ED65D1FE03417EAC4B2DE0AF /* gameover.wav */,
				ECC11272935C0685DEEB1849 /* hit.wav */,
				3713917AE22A8C30497AEEF5 /* jump.wav */,
				D632DDA375DA5E5606B35468 /* laser.wav */,
				D0DDB4F70F556ED2EF65559A /* powerup.wav */,
				F1B0DFBF37692F382520462C /* select.wav */,
			);
			path = Chiptune;
			sourceTree = "<group>";
		};
		694624299003AEAEE7A46933 /* StarterKits */ = {
			isa = PBXGroup;
			children = (
				7873558B68AAF2958B3582E7 /* ArpBells */,
				62956ECF4522946C0F2AAA12 /* Chiptune */,
				4722179753ED5D782772BD51 /* DrumKit */,
				E39A2B5ACF01950073CB5F8B /* Drums808 */,
				E365A27AA2D044EE28354F52 /* HandDrums */,
				9D6A7076F6DD0A1DE98D3562 /* Konnakol */,
				D2792BF5E261AF7B06E0EDA7 /* StreamerFX */,
				0823978BD79C9CE77BE1E5B5 /* SynthBass */,
			);
			path = StarterKits;
			sourceTree = "<group>";
		};
		7873558B68AAF2958B3582E7 /* ArpBells */ = {
			isa = PBXGroup;
			children = (
				A5A5D50B235F9AD32CD8075A /* bell_a5.wav */,
				01514AD530384FEEC3F9FB4E /* bell_c5.wav */,
				797488A7C2A4727D6B841C4A /* bell_c6.wav */,
				BDBF148E6C9EBAD5FD6F7595 /* bell_d5.wav */,
				B49DB71DAF92FEAC5E6CEA31 /* bell_d6.wav */,
				AF66E9DB972E69F117E3F54B /* bell_f5.wav */,
				CB2FA677806422D253F3D1C8 /* bell_f6.wav */,
				7D8B7C3EBE8EF989676BF5FC /* bell_g5.wav */,
			);
			path = ArpBells;
			sourceTree = "<group>";
		};
		9D6A7076F6DD0A1DE98D3562 /* Konnakol */ = {
			isa = PBXGroup;
			children = (
				5BE19669841D4B4AEA7C4F77 /* Di.wav */,
				9BE23E1AA3201D92FED55D76 /* Ka.wav */,
				AC11622F55D45F56259D3B11 /* Ki.wav */,
				B9E1F7D904792E96DB2EB18D /* Mi.wav */,
				7D872C74A53A3414D38C49A9 /* Nam.wav */,
				7EF7EEAE80849EA2B45433B1 /* Ta.wav */,
			);
			path = Konnakol;
			sourceTree = "<group>";
		};
		AF5E3E27D4A065B2AA60CFBD /* Components */ = {
			isa = PBXGroup;
			children = (
				0C2710DF68EF3E25CFBE0CEB /* BroadcastPickerView.swift */,
				008BB52310634EDDD66D6A3A /* JoystickView.swift */,
				DA9004B69246E160A7E58BFC /* PadButtonView.swift */,
				E9B37809345BDFCADF50FECC /* PadGridView.swift */,
				16348602297F3A9ECD5FDEBE /* WaveformView.swift */,
			);
			path = Components;
			sourceTree = "<group>";
		};
		AFD3E1100DD8EFD382CFCB91 /* ArcadePadBroadcast */ = {
			isa = PBXGroup;
			children = (
				F5BEE2AF7723BC95E7864128 /* ArcadePadBroadcast.entitlements */,
				C6E6102E508D3063368398DE /* Info.plist */,
				BBF9F483D678C8E6ED26EE57 /* SampleHandler.swift */,
			);
			path = ArcadePadBroadcast;
			sourceTree = "<group>";
		};
		D10114C26C5D4B19FFA3F5A3 = {
			isa = PBXGroup;
			children = (
				14A677627BF6698EBDAF1FF6 /* ArcadePad */,
				AFD3E1100DD8EFD382CFCB91 /* ArcadePadBroadcast */,
				D956B8FB49DDC9A2226240FD /* ArcadePadTests */,
				20437245F4EB1521E0A9C19C /* ArcadePadUITests */,
				0ABC516BAB02CA08787EE0DE /* Products */,
			);
			sourceTree = "<group>";
		};
		D2792BF5E261AF7B06E0EDA7 /* StreamerFX */ = {
			isa = PBXGroup;
			children = (
				7EF47856D5791577406E664A /* airhorn.mp3 */,
				3A58C6F36A2DFD22015B7135 /* applause.mp3 */,
				D2D3FE1683B462F3618D6423 /* buzzer.mp3 */,
				E3C4F1617AFA25C8B1CA678E /* drumroll.mp3 */,
				5F7B125D321554D94B8F9BC6 /* duck_quack.mp3 */,
				C0DB002C1305654D20B0F665 /* LICENSE_StreamerFX.txt */,
				979A6AA4AECA27C4EFCBD75D /* record_scratch.mp3 */,
				EEF12664EED21706ABEEDCB9 /* sad_trombone.mp3 */,
				2A586625EB906E557F5A69A2 /* success_chime.mp3 */,
			);
			path = StreamerFX;
			sourceTree = "<group>";
		};
		D956B8FB49DDC9A2226240FD /* ArcadePadTests */ = {
			isa = PBXGroup;
			children = (
				825738DD05B125726B35F186 /* ArcadePadTests.swift */,
			);
			path = ArcadePadTests;
			sourceTree = "<group>";
		};
		E22855C4B83E4087E362701E /* Models */ = {
			isa = PBXGroup;
			children = (
				E4E5B954DD6958CDDD624FE6 /* JoystickAssignment.swift */,
				78FB4592FEC8426F4196B25A /* Kit.swift */,
				D53B1AC469FC42E0C75DA652 /* KitSummary.swift */,
				F73353312EEF24D1F17D11FC /* Pad.swift */,
				4E73254BC37C58C8F97FE002 /* Pattern.swift */,
				39839F0CFA3AF013E51046F9 /* Sample.swift */,
				7864022327BF8C56318461F0 /* StarterKit.swift */,
			);
			path = Models;
			sourceTree = "<group>";
		};
		E365A27AA2D044EE28354F52 /* HandDrums */ = {
			isa = PBXGroup;
			children = (
				D18F8320A6B8A0920AFB3CED /* click.wav */,
				567B518099A5A7189AAA1CBC /* conga_high.wav */,
				D0F6CF095AEE0E0B22C8A7FE /* conga_low.wav */,
				4C2B7074BC567E27D21D5FCF /* conga_mid.wav */,
				05993F313377C100EB168A50 /* shaker.wav */,
				BBE220701E01DD6CB3179B17 /* slap.wav */,
				B271DDDEDC56614A4FBFC41A /* tom_high.wav */,
				A457CF073D461A8648619FC8 /* tom_low.wav */,
			);
			path = HandDrums;
			sourceTree = "<group>";
		};
		E39A2B5ACF01950073CB5F8B /* Drums808 */ = {
			isa = PBXGroup;
			children = (
				4ACCFE9A404F39BF47A392C1 /* clap.wav */,
				9C646BF871706B217C3FD6F1 /* hihat_closed.wav */,
				1FE441C0136C1B491DED4B6A /* hihat_open.wav */,
				ADD0FF4154FB5FD3B4E978D8 /* kick.wav */,
				E99419F99DABFF004F16DB29 /* perc.wav */,
				AA370058D0B57CB71F1CDE35 /* rim.wav */,
				9D674A62B2099843E5EB5857 /* snare.wav */,
				058A335933E6211369407475 /* tom.wav */,
			);
			path = Drums808;
			sourceTree = "<group>";
		};
		F55A03AD7DD83F17B9023200 /* Core */ = {
			isa = PBXGroup;
			children = (
				02B2EDBD132EB8962BA8FABB /* Audio */,
				E22855C4B83E4087E362701E /* Models */,
				1AE4D8054CEEEF104F51F98A /* Persistence */,
				1DAB356D221B29111C5B8D6C /* Sequencer */,
				072C388269655EDBA590B746 /* Sharing */,
			);
			path = Core;
			sourceTree = "<group>";
		};
/* End PBXGroup section */

/* Begin PBXNativeTarget section */
		456876E5C1DE35EB19A3F1AA /* ArcadePad */ = {
			isa = PBXNativeTarget;
			buildConfigurationList = ECDE7C137262174B2A0F3981 /* Build configuration list for PBXNativeTarget "ArcadePad" */;
			buildPhases = (
				DF41B2E006365305C1C94188 /* Sources */,
				A721CF8C768E91DBC669BF7D /* Resources */,
				AAAED5D4785E1DCC59FA3A68 /* Embed Foundation Extensions */,
			);
			buildRules = (
			);
			dependencies = (
				E07FB790DF2436A1578C27CC /* PBXTargetDependency */,
			);
			name = ArcadePad;
			packageProductDependencies = (
			);
			productName = ArcadePad;
			productReference = FB4EFF13118749E130300C30 /* ArcadePad.app */;
			productType = "com.apple.product-type.application";
		};
		A7641AF358B5D14356EF4694 /* ArcadePadUITests */ = {
			isa = PBXNativeTarget;
			buildConfigurationList = 5522F5902E7B577EBD599A0F /* Build configuration list for PBXNativeTarget "ArcadePadUITests" */;
			buildPhases = (
				0FDEF6A115175A0881BAC62B /* Sources */,
			);
			buildRules = (
			);
			dependencies = (
				FD10AA1B4749E93E51A9902E /* PBXTargetDependency */,
			);
			name = ArcadePadUITests;
			packageProductDependencies = (
			);
			productName = ArcadePadUITests;
			productReference = 41E3DB7455E0504339ABDE4B /* ArcadePadUITests.xctest */;
			productType = "com.apple.product-type.bundle.ui-testing";
		};
		DF8C9E6BE63DA1EFA9B38576 /* ArcadePadTests */ = {
			isa = PBXNativeTarget;
			buildConfigurationList = 4FB9F2BC7B7792146C01A13E /* Build configuration list for PBXNativeTarget "ArcadePadTests" */;
			buildPhases = (
				6CBDE38F8F097CC414175A6B /* Sources */,
			);
			buildRules = (
			);
			dependencies = (
				AD42BC12A8CEA349AF9AD8FA /* PBXTargetDependency */,
			);
			name = ArcadePadTests;
			packageProductDependencies = (
			);
			productName = ArcadePadTests;
			productReference = 2CEFEE8CF3BC44D1B23448B1 /* ArcadePadTests.xctest */;
			productType = "com.apple.product-type.bundle.unit-test";
		};
		F636D3E5B93B882A2F69061C /* ArcadePadBroadcast */ = {
			isa = PBXNativeTarget;
			buildConfigurationList = D2A97A7BB31EEB22035F32A1 /* Build configuration list for PBXNativeTarget "ArcadePadBroadcast" */;
			buildPhases = (
				90B8B8A7072C39B8F6104A42 /* Sources */,
			);
			buildRules = (
			);
			dependencies = (
			);
			name = ArcadePadBroadcast;
			packageProductDependencies = (
			);
			productName = ArcadePadBroadcast;
			productReference = 53E469FD31C8C234F9CFF3DA /* ArcadePadBroadcast.appex */;
			productType = "com.apple.product-type.app-extension";
		};
/* End PBXNativeTarget section */

/* Begin PBXProject section */
		48407DA0897589D296E6DEFA /* Project object */ = {
			isa = PBXProject;
			attributes = {
				BuildIndependentTargetsInParallel = YES;
				LastUpgradeCheck = 1430;
				TargetAttributes = {
					456876E5C1DE35EB19A3F1AA = {
						DevelopmentTeam = 228T6U2RV4;
						ProvisioningStyle = Automatic;
					};
					A7641AF358B5D14356EF4694 = {
						DevelopmentTeam = 228T6U2RV4;
						ProvisioningStyle = Automatic;
						TestTargetID = 456876E5C1DE35EB19A3F1AA;
					};
					DF8C9E6BE63DA1EFA9B38576 = {
						DevelopmentTeam = 228T6U2RV4;
						ProvisioningStyle = Automatic;
					};
					F636D3E5B93B882A2F69061C = {
						DevelopmentTeam = 228T6U2RV4;
						ProvisioningStyle = Automatic;
					};
				};
			};
			buildConfigurationList = EA1FBEB56C29915B4A2425F7 /* Build configuration list for PBXProject "ArcadePad" */;
			developmentRegion = en;
			hasScannedForEncodings = 0;
			knownRegions = (
				Base,
				de,
				en,
				es,
				fr,
				it,
				ja,
				ko,
				"pt-BR",
				"zh-Hans",
			);
			mainGroup = D10114C26C5D4B19FFA3F5A3;
			minimizedProjectReferenceProxies = 1;
			preferredProjectObjectVersion = 77;
			productRefGroup = 0ABC516BAB02CA08787EE0DE /* Products */;
			projectDirPath = "";
			projectRoot = "";
			targets = (
				456876E5C1DE35EB19A3F1AA /* ArcadePad */,
				F636D3E5B93B882A2F69061C /* ArcadePadBroadcast */,
				DF8C9E6BE63DA1EFA9B38576 /* ArcadePadTests */,
				A7641AF358B5D14356EF4694 /* ArcadePadUITests */,
			);
		};
/* End PBXProject section */

/* Begin PBXResourcesBuildPhase section */
		A721CF8C768E91DBC669BF7D /* Resources */ = {
			isa = PBXResourcesBuildPhase;
			buildActionMask = 2147483647;
			files = (
				3D0F7D583494F9B7748D1791 /* Assets.xcassets in Resources */,
				12F140508EA986DE9FC38F02 /* Di.wav in Resources */,
				DCA3709AFDA5C167B22F628F /* Ka.wav in Resources */,
				E84CF0167BF180DF3B6B5322 /* Ki.wav in Resources */,
				E9631204D575DDB9182E6416 /* LICENSE.txt in Resources */,
				B01BE9BC84B5FCAE131661E7 /* LICENSE_StreamerFX.txt in Resources */,
				3798736235791A541AA0BF63 /* Localizable.xcstrings in Resources */,
				18ACA771B06BFF3DD1AF9475 /* Mi.wav in Resources */,
				4E7F8D07DBAC37A368B78A02 /* Nam.wav in Resources */,
				329DD9637B077BDDB9ACCD86 /* Preview Assets.xcassets in Resources */,
				F42728A83C737C93A5A39851 /* Ta.wav in Resources */,
				32238BFCDC6A7719F4E78782 /* airhorn.mp3 in Resources */,
				45AC674248A6CC34BB5E4775 /* applause.mp3 in Resources */,
				A953FE279079803EC7322BE8 /* bass_ab2.wav in Resources */,
				A168CD6A7EE9C6A9D78144AA /* bass_bb2.wav in Resources */,
				7DF9310DBF47390913791918 /* bass_c2.wav in Resources */,
				01FEFB72CB926CA51D5B6A7F /* bass_c3.wav in Resources */,
				BBD7A61FF3F7EF057D5611DF /* bass_d2.wav in Resources */,
				9CD9AF15CAEAA5D0A217FBF8 /* bass_eb2.wav in Resources */,
				4F8C4235245E82745E3001BD /* bass_f2.wav in Resources */,
				F24E52E35003B74FEB54FA35 /* bass_g2.wav in Resources */,
				CC76A5EB4C260F3E3F8C806D /* bell_a5.wav in Resources */,
				DA6BF3675BAD3E57A9BE6790 /* bell_c5.wav in Resources */,
				A55C9488D3012B1B930DEB5D /* bell_c6.wav in Resources */,
				5B067902915416FE3CCE0BA4 /* bell_d5.wav in Resources */,
				6477CAF28F44558F4AA5FBC0 /* bell_d6.wav in Resources */,
				0C9B2E6748EC18EA07827285 /* bell_f5.wav in Resources */,
				16AFFBA63CE415B2E7F99B0F /* bell_f6.wav in Resources */,
				DE21107CE79A7445B6B5713B /* bell_g5.wav in Resources */,
				79DB9E0947F023176C7EB3B8 /* buzzer.mp3 in Resources */,
				44E3EF887D5AFEF7802C94DD /* clap.mp3 in Resources */,
				13A36D107A0FE152383364E5 /* clap.wav in Resources */,
				7E09E20145FD4302F07FBF68 /* click.wav in Resources */,
				6FC26EEDC83E9808A5016D75 /* coin.wav in Resources */,
				2E6A22C03B5281BC60A0469B /* conga_high.wav in Resources */,
				79B85974B7F92C035BF78B54 /* conga_low.wav in Resources */,
				5E6193D5407670FFFCBBC1D5 /* conga_mid.wav in Resources */,
				E5469B17F9E1531CF743480E /* crash.mp3 in Resources */,
				B8B7E3AF59AD792A2AF6BB5A /* drumroll.mp3 in Resources */,
				8E3F7A0FDD3BA80A1BB4A5AB /* duck_quack.mp3 in Resources */,
				67C9E4A30E1DD892FBCA9C06 /* explosion.wav in Resources */,
				09C98F21AA5E6B29CAA20E74 /* gameover.wav in Resources */,
				0F69681607646A17C8F7732C /* hihat_closed.mp3 in Resources */,
				7D1FB9BDC4C192DB1F5EC2F5 /* hihat_closed.wav in Resources */,
				B60A63693D4863D0C78562FF /* hihat_open.mp3 in Resources */,
				75D94A73F49EDEF726C5A882 /* hihat_open.wav in Resources */,
				EF771AD6381815319949649F /* hit.wav in Resources */,
				6E387096E3BFDDF463692A06 /* jump.wav in Resources */,
				793A32C5E80D460667C5328E /* kick.mp3 in Resources */,
				8E2B0E69213628C905ABF63A /* kick.wav in Resources */,
				64C15ADA0992F67AA0B8E988 /* kick_natural.mp3 in Resources */,
				3BCE6C76A990C26E4BF31807 /* laser.wav in Resources */,
				4D4D6BAF3CC847064A01582B /* perc.wav in Resources */,
				644ADEDD76C5C4AF077A605B /* powerup.wav in Resources */,
				14E0DAA3D2EBE92ED9BFF532 /* record_scratch.mp3 in Resources */,
				1CAE9918798AC1C034084B62 /* rim.wav in Resources */,
				31C9C02443EE2F0348360603 /* sad_trombone.mp3 in Resources */,
				E9100DA7E3B27E8FC07489C4 /* select.wav in Resources */,
				06EFD90ECDC4EACAFC9D4E8B /* shaker.wav in Resources */,
				C41919C101B2C73D2644DAF5 /* slap.wav in Resources */,
				6BC38797398B5B8ABFCAEFF9 /* snare.mp3 in Resources */,
				6C7AEA0BAAD8BDFB563BBD60 /* snare.wav in Resources */,
				1F947541B345BA7C6B8C12AD /* success_chime.mp3 in Resources */,
				C87FED6BF79886098A17F1D1 /* tom.mp3 in Resources */,
				15DA7010B00DE9BA569038BA /* tom.wav in Resources */,
				6375933D550DC5B585E79597 /* tom_high.wav in Resources */,
				F1B1DCF7C3DAECD1C7163A59 /* tom_low.wav in Resources */,
			);
			runOnlyForDeploymentPostprocessing = 0;
		};
/* End PBXResourcesBuildPhase section */

/* Begin PBXSourcesBuildPhase section */
		0FDEF6A115175A0881BAC62B /* Sources */ = {
			isa = PBXSourcesBuildPhase;
			buildActionMask = 2147483647;
			files = (
				5BB1EFCFCB2BA110C0C05A95 /* ArcadePadUITests.swift in Sources */,
			);
			runOnlyForDeploymentPostprocessing = 0;
		};
		6CBDE38F8F097CC414175A6B /* Sources */ = {
			isa = PBXSourcesBuildPhase;
			buildActionMask = 2147483647;
			files = (
				4421B244BBD6911DD2509768 /* ArcadePadTests.swift in Sources */,
			);
			runOnlyForDeploymentPostprocessing = 0;
		};
		90B8B8A7072C39B8F6104A42 /* Sources */ = {
			isa = PBXSourcesBuildPhase;
			buildActionMask = 2147483647;
			files = (
				C48BE19F8ED9BD82BA2D8F70 /* SampleHandler.swift in Sources */,
			);
			runOnlyForDeploymentPostprocessing = 0;
		};
		DF41B2E006365305C1C94188 /* Sources */ = {
			isa = PBXSourcesBuildPhase;
			buildActionMask = 2147483647;
			files = (
				C73BC0B3C0067331FFE9D033 /* ArcadePadApp.swift in Sources */,
				F4433CA0722C704CA3FEF865 /* AudioEngine.swift in Sources */,
				DBC00F64C7F8152E25FA963F /* BroadcastPickerView.swift in Sources */,
				A817B2EE84D9EA6AA8ABF40F /* BroadcastRecorder.swift in Sources */,
				E9BF6D505D60E61BFAB4C6AA /* ContentView.swift in Sources */,
				E595AA80C741B422EE109BC4 /* DuplicatePadTargetView.swift in Sources */,
				175C2A4A9FE6D505F5D10896 /* JoystickAssignment.swift in Sources */,
				2D9CF0E0F59DB510536058B8 /* JoystickView.swift in Sources */,
				57CCD90C0DE11066BB0B4AAE /* Kit.swift in Sources */,
				B0EC5233C425A8601FF27340 /* KitLibraryView.swift in Sources */,
				2918B441C5D58E803809CC6F /* KitStore.swift in Sources */,
				C9E566A0BF1BCF438766F96B /* KitSummary.swift in Sources */,
				6B9B1244CC7554B814B6C0E6 /* Pad.swift in Sources */,
				8F3489C186FC8EC8BC60387B /* PadButtonView.swift in Sources */,
				390BE112619596A7893D4137 /* PadEditorView.swift in Sources */,
				C977A85CC11A8FD1E1582F3B /* PadGridView.swift in Sources */,
				34BCA182D2B1F00A5BE1A8A4 /* Pattern.swift in Sources */,
				58380C82A15E2273C4C26E81 /* RecordView.swift in Sources */,
				85A11F2D7B0B87099AA3CB34 /* Sample.swift in Sources */,
				FA82C36412C0BA32F484D5CB /* SequencerEngine.swift in Sources */,
				86C5EE387EAE3190FBD3D822 /* SequencerExporter.swift in Sources */,
				188E6B6FA094D1AF35E0271D /* SequencerView.swift in Sources */,
				1CDC8EBAC67A339912CB549A /* ShareKitView.swift in Sources */,
				D1A68A95C6BF629F52C12FDF /* ShareService.swift in Sources */,
				5DCA62258630D8522DB59C13 /* SharedKitManifest.swift in Sources */,
				B936157CF6A2988085DD25B2 /* SplitAudioView.swift in Sources */,
				480FC8906C4BB516738B0830 /* StarterKit.swift in Sources */,
				54DEA171F28E2AAC3FE9C89D /* SupabaseConfig.swift in Sources */,
				417DEE8CB5B36CC831ED4220 /* Theme.swift in Sources */,
				2EFF3C565135B129F645C8E7 /* TransientDetector.swift in Sources */,
				C205FC13366999957B4AD998 /* WaveformLoader.swift in Sources */,
				76F488FCB46175C21AC2D7A0 /* WaveformView.swift in Sources */,
			);
			runOnlyForDeploymentPostprocessing = 0;
		};
/* End PBXSourcesBuildPhase section */

/* Begin PBXTargetDependency section */
		AD42BC12A8CEA349AF9AD8FA /* PBXTargetDependency */ = {
			isa = PBXTargetDependency;
			target = 456876E5C1DE35EB19A3F1AA /* ArcadePad */;
			targetProxy = C4164C042267FA5E765E0BB4 /* PBXContainerItemProxy */;
		};
		E07FB790DF2436A1578C27CC /* PBXTargetDependency */ = {
			isa = PBXTargetDependency;
			target = F636D3E5B93B882A2F69061C /* ArcadePadBroadcast */;
			targetProxy = 17270297B254F6526856D18B /* PBXContainerItemProxy */;
		};
		FD10AA1B4749E93E51A9902E /* PBXTargetDependency */ = {
			isa = PBXTargetDependency;
			target = 456876E5C1DE35EB19A3F1AA /* ArcadePad */;
			targetProxy = 4C1CB96C983F37AE6FD32759 /* PBXContainerItemProxy */;
		};
/* End PBXTargetDependency section */

/* Begin XCBuildConfiguration section */
		0A97C143B45D4C4D9A789A44 /* Debug */ = {
			isa = XCBuildConfiguration;
			buildSettings = {
				BUNDLE_LOADER = "$(TEST_HOST)";
				GENERATE_INFOPLIST_FILE = YES;
				IPHONEOS_DEPLOYMENT_TARGET = 17.0;
				LD_RUNPATH_SEARCH_PATHS = (
					"$(inherited)",
					"@executable_path/Frameworks",
					"@loader_path/Frameworks",
				);
				PRODUCT_BUNDLE_IDENTIFIER = com.dlrk.arcadepad.uitests;
				SDKROOT = iphoneos;
				TARGETED_DEVICE_FAMILY = "1,2";
				TEST_TARGET_NAME = ArcadePad;
			};
			name = Debug;
		};
		1071ED6757BF29B58A1A2983 /* Release */ = {
			isa = XCBuildConfiguration;
			buildSettings = {
				BUNDLE_LOADER = "$(TEST_HOST)";
				GENERATE_INFOPLIST_FILE = YES;
				IPHONEOS_DEPLOYMENT_TARGET = 17.0;
				LD_RUNPATH_SEARCH_PATHS = (
					"$(inherited)",
					"@executable_path/Frameworks",
					"@loader_path/Frameworks",
				);
				PRODUCT_BUNDLE_IDENTIFIER = com.dlrk.arcadepad.tests;
				SDKROOT = iphoneos;
				TARGETED_DEVICE_FAMILY = "1,2";
				TEST_HOST = "$(BUILT_PRODUCTS_DIR)/ArcadePad.app/ArcadePad";
			};
			name = Release;
		};
		19BEDF88502799E185110C7E /* Debug */ = {
			isa = XCBuildConfiguration;
			buildSettings = {
				BUNDLE_LOADER = "$(TEST_HOST)";
				GENERATE_INFOPLIST_FILE = YES;
				IPHONEOS_DEPLOYMENT_TARGET = 17.0;
				LD_RUNPATH_SEARCH_PATHS = (
					"$(inherited)",
					"@executable_path/Frameworks",
					"@loader_path/Frameworks",
				);
				PRODUCT_BUNDLE_IDENTIFIER = com.dlrk.arcadepad.tests;
				SDKROOT = iphoneos;
				TARGETED_DEVICE_FAMILY = "1,2";
				TEST_HOST = "$(BUILT_PRODUCTS_DIR)/ArcadePad.app/ArcadePad";
			};
			name = Debug;
		};
		1A9B9D572503E50BC4C69550 /* Debug */ = {
			isa = XCBuildConfiguration;
			buildSettings = {
				ALWAYS_SEARCH_USER_PATHS = NO;
				CLANG_ANALYZER_NONNULL = YES;
				CLANG_ANALYZER_NUMBER_OBJECT_CONVERSION = YES_AGGRESSIVE;
				CLANG_CXX_LANGUAGE_STANDARD = "gnu++14";
				CLANG_CXX_LIBRARY = "libc++";
				CLANG_ENABLE_MODULES = YES;
				CLANG_ENABLE_OBJC_ARC = YES;
				CLANG_ENABLE_OBJC_WEAK = YES;
				CLANG_WARN_BLOCK_CAPTURE_AUTORELEASING = YES;
				CLANG_WARN_BOOL_CONVERSION = YES;
				CLANG_WARN_COMMA = YES;
				CLANG_WARN_CONSTANT_CONVERSION = YES;
				CLANG_WARN_DEPRECATED_OBJC_IMPLEMENTATIONS = YES;
				CLANG_WARN_DIRECT_OBJC_ISA_USAGE = YES_ERROR;
				CLANG_WARN_DOCUMENTATION_COMMENTS = YES;
				CLANG_WARN_EMPTY_BODY = YES;
				CLANG_WARN_ENUM_CONVERSION = YES;
				CLANG_WARN_INFINITE_RECURSION = YES;
				CLANG_WARN_INT_CONVERSION = YES;
				CLANG_WARN_NON_LITERAL_NULL_CONVERSION = YES;
				CLANG_WARN_OBJC_IMPLICIT_RETAIN_SELF = YES;
				CLANG_WARN_OBJC_LITERAL_CONVERSION = YES;
				CLANG_WARN_OBJC_ROOT_CLASS = YES_ERROR;
				CLANG_WARN_QUOTED_INCLUDE_IN_FRAMEWORK_HEADER = YES;
				CLANG_WARN_RANGE_LOOP_ANALYSIS = YES;
				CLANG_WARN_STRICT_PROTOTYPES = YES;
				CLANG_WARN_SUSPICIOUS_MOVE = YES;
				CLANG_WARN_UNGUARDED_AVAILABILITY = YES_AGGRESSIVE;
				CLANG_WARN_UNREACHABLE_CODE = YES;
				CLANG_WARN__DUPLICATE_METHOD_MATCH = YES;
				CODE_SIGN_STYLE = Automatic;
				COPY_PHASE_STRIP = NO;
				CURRENT_PROJECT_VERSION = 1;
				DEBUG_INFORMATION_FORMAT = dwarf;
				DEVELOPMENT_TEAM = 228T6U2RV4;
				ENABLE_STRICT_OBJC_MSGSEND = YES;
				ENABLE_TESTABILITY = YES;
				GCC_C_LANGUAGE_STANDARD = gnu11;
				GCC_DYNAMIC_NO_PIC = NO;
				GCC_NO_COMMON_BLOCKS = YES;
				GCC_OPTIMIZATION_LEVEL = 0;
				GCC_PREPROCESSOR_DEFINITIONS = (
					"$(inherited)",
					"DEBUG=1",
				);
				GCC_WARN_64_TO_32_BIT_CONVERSION = YES;
				GCC_WARN_ABOUT_RETURN_TYPE = YES_ERROR;
				GCC_WARN_UNDECLARED_SELECTOR = YES;
				GCC_WARN_UNINITIALIZED_AUTOS = YES_AGGRESSIVE;
				GCC_WARN_UNUSED_FUNCTION = YES;
				GCC_WARN_UNUSED_VARIABLE = YES;
				IPHONEOS_DEPLOYMENT_TARGET = 17.0;
				MARKETING_VERSION = 1.0;
				MTL_ENABLE_DEBUG_INFO = INCLUDE_SOURCE;
				MTL_FAST_MATH = YES;
				ONLY_ACTIVE_ARCH = YES;
				PRODUCT_NAME = "$(TARGET_NAME)";
				SDKROOT = iphoneos;
				SWIFT_ACTIVE_COMPILATION_CONDITIONS = DEBUG;
				SWIFT_OPTIMIZATION_LEVEL = "-Onone";
				SWIFT_VERSION = 5.0;
			};
			name = Debug;
		};
		21F77E6DA2F49F2201777D1C /* Release */ = {
			isa = XCBuildConfiguration;
			buildSettings = {
				BUNDLE_LOADER = "$(TEST_HOST)";
				GENERATE_INFOPLIST_FILE = YES;
				IPHONEOS_DEPLOYMENT_TARGET = 17.0;
				LD_RUNPATH_SEARCH_PATHS = (
					"$(inherited)",
					"@executable_path/Frameworks",
					"@loader_path/Frameworks",
				);
				PRODUCT_BUNDLE_IDENTIFIER = com.dlrk.arcadepad.uitests;
				SDKROOT = iphoneos;
				TARGETED_DEVICE_FAMILY = "1,2";
				TEST_TARGET_NAME = ArcadePad;
			};
			name = Release;
		};
		31D2205121F12F102D3E11F8 /* Release */ = {
			isa = XCBuildConfiguration;
			buildSettings = {
				CODE_SIGN_ENTITLEMENTS = ArcadePadBroadcast/ArcadePadBroadcast.entitlements;
				GENERATE_INFOPLIST_FILE = NO;
				INFOPLIST_FILE = ArcadePadBroadcast/Info.plist;
				IPHONEOS_DEPLOYMENT_TARGET = 17.0;
				LD_RUNPATH_SEARCH_PATHS = (
					"$(inherited)",
					"@executable_path/Frameworks",
					"@executable_path/../../Frameworks",
				);
				PRODUCT_BUNDLE_IDENTIFIER = com.dlrk.arcadepad.broadcast;
				SDKROOT = iphoneos;
				SKIP_INSTALL = YES;
				TARGETED_DEVICE_FAMILY = "1,2";
			};
			name = Release;
		};
		82415C3C30D492944A05395E /* Debug */ = {
			isa = XCBuildConfiguration;
			buildSettings = {
				ASSETCATALOG_COMPILER_APPICON_NAME = AppIcon;
				ASSETCATALOG_COMPILER_GLOBAL_ACCENT_COLOR_NAME = AccentColor;
				CODE_SIGN_ENTITLEMENTS = ArcadePad/ArcadePad.entitlements;
				CODE_SIGN_IDENTITY = "iPhone Developer";
				DEVELOPMENT_ASSET_PATHS = "\"ArcadePad/Preview Content\"";
				ENABLE_PREVIEWS = YES;
				GENERATE_INFOPLIST_FILE = YES;
				INFOPLIST_FILE = "Generated-Info.plist";
				INFOPLIST_KEY_CFBundleDisplayName = ArcadePad;
				INFOPLIST_KEY_NSMicrophoneUsageDescription = "ArcadePad needs the microphone to record samples you can play from the pad grid.";
				INFOPLIST_KEY_UIApplicationSceneManifest_Generation = YES;
				INFOPLIST_KEY_UIBackgroundModes = audio;
				INFOPLIST_KEY_UILaunchScreen_Generation = YES;
				INFOPLIST_KEY_UISupportedInterfaceOrientations = "UIInterfaceOrientationPortrait UIInterfaceOrientationLandscapeLeft UIInterfaceOrientationLandscapeRight";
				"INFOPLIST_KEY_UISupportedInterfaceOrientations~ipad" = "UIInterfaceOrientationPortrait UIInterfaceOrientationPortraitUpsideDown UIInterfaceOrientationLandscapeLeft UIInterfaceOrientationLandscapeRight";
				IPHONEOS_DEPLOYMENT_TARGET = 17.0;
				LD_RUNPATH_SEARCH_PATHS = (
					"$(inherited)",
					"@executable_path/Frameworks",
				);
				PRODUCT_BUNDLE_IDENTIFIER = com.dlrk.arcadepad;
				SDKROOT = iphoneos;
				TARGETED_DEVICE_FAMILY = "1,2";
			};
			name = Debug;
		};
		BD6930DA99B5EA0BAB3BCB51 /* Debug */ = {
			isa = XCBuildConfiguration;
			buildSettings = {
				CODE_SIGN_ENTITLEMENTS = ArcadePadBroadcast/ArcadePadBroadcast.entitlements;
				GENERATE_INFOPLIST_FILE = NO;
				INFOPLIST_FILE = ArcadePadBroadcast/Info.plist;
				IPHONEOS_DEPLOYMENT_TARGET = 17.0;
				LD_RUNPATH_SEARCH_PATHS = (
					"$(inherited)",
					"@executable_path/Frameworks",
					"@executable_path/../../Frameworks",
				);
				PRODUCT_BUNDLE_IDENTIFIER = com.dlrk.arcadepad.broadcast;
				SDKROOT = iphoneos;
				SKIP_INSTALL = YES;
				TARGETED_DEVICE_FAMILY = "1,2";
			};
			name = Debug;
		};
		D8E15EB518702EC71F223DC0 /* Release */ = {
			isa = XCBuildConfiguration;
			buildSettings = {
				ASSETCATALOG_COMPILER_APPICON_NAME = AppIcon;
				ASSETCATALOG_COMPILER_GLOBAL_ACCENT_COLOR_NAME = AccentColor;
				CODE_SIGN_ENTITLEMENTS = ArcadePad/ArcadePad.entitlements;
				CODE_SIGN_IDENTITY = "iPhone Developer";
				DEVELOPMENT_ASSET_PATHS = "\"ArcadePad/Preview Content\"";
				ENABLE_PREVIEWS = YES;
				GENERATE_INFOPLIST_FILE = YES;
				INFOPLIST_FILE = "Generated-Info.plist";
				INFOPLIST_KEY_CFBundleDisplayName = ArcadePad;
				INFOPLIST_KEY_NSMicrophoneUsageDescription = "ArcadePad needs the microphone to record samples you can play from the pad grid.";
				INFOPLIST_KEY_UIApplicationSceneManifest_Generation = YES;
				INFOPLIST_KEY_UIBackgroundModes = audio;
				INFOPLIST_KEY_UILaunchScreen_Generation = YES;
				INFOPLIST_KEY_UISupportedInterfaceOrientations = "UIInterfaceOrientationPortrait UIInterfaceOrientationLandscapeLeft UIInterfaceOrientationLandscapeRight";
				"INFOPLIST_KEY_UISupportedInterfaceOrientations~ipad" = "UIInterfaceOrientationPortrait UIInterfaceOrientationPortraitUpsideDown UIInterfaceOrientationLandscapeLeft UIInterfaceOrientationLandscapeRight";
				IPHONEOS_DEPLOYMENT_TARGET = 17.0;
				LD_RUNPATH_SEARCH_PATHS = (
					"$(inherited)",
					"@executable_path/Frameworks",
				);
				PRODUCT_BUNDLE_IDENTIFIER = com.dlrk.arcadepad;
				SDKROOT = iphoneos;
				TARGETED_DEVICE_FAMILY = "1,2";
			};
			name = Release;
		};
		D95D4855A373CDC673864896 /* Release */ = {
			isa = XCBuildConfiguration;
			buildSettings = {
				ALWAYS_SEARCH_USER_PATHS = NO;
				CLANG_ANALYZER_NONNULL = YES;
				CLANG_ANALYZER_NUMBER_OBJECT_CONVERSION = YES_AGGRESSIVE;
				CLANG_CXX_LANGUAGE_STANDARD = "gnu++14";
				CLANG_CXX_LIBRARY = "libc++";
				CLANG_ENABLE_MODULES = YES;
				CLANG_ENABLE_OBJC_ARC = YES;
				CLANG_ENABLE_OBJC_WEAK = YES;
				CLANG_WARN_BLOCK_CAPTURE_AUTORELEASING = YES;
				CLANG_WARN_BOOL_CONVERSION = YES;
				CLANG_WARN_COMMA = YES;
				CLANG_WARN_CONSTANT_CONVERSION = YES;
				CLANG_WARN_DEPRECATED_OBJC_IMPLEMENTATIONS = YES;
				CLANG_WARN_DIRECT_OBJC_ISA_USAGE = YES_ERROR;
				CLANG_WARN_DOCUMENTATION_COMMENTS = YES;
				CLANG_WARN_EMPTY_BODY = YES;
				CLANG_WARN_ENUM_CONVERSION = YES;
				CLANG_WARN_INFINITE_RECURSION = YES;
				CLANG_WARN_INT_CONVERSION = YES;
				CLANG_WARN_NON_LITERAL_NULL_CONVERSION = YES;
				CLANG_WARN_OBJC_IMPLICIT_RETAIN_SELF = YES;
				CLANG_WARN_OBJC_LITERAL_CONVERSION = YES;
				CLANG_WARN_OBJC_ROOT_CLASS = YES_ERROR;
				CLANG_WARN_QUOTED_INCLUDE_IN_FRAMEWORK_HEADER = YES;
				CLANG_WARN_RANGE_LOOP_ANALYSIS = YES;
				CLANG_WARN_STRICT_PROTOTYPES = YES;
				CLANG_WARN_SUSPICIOUS_MOVE = YES;
				CLANG_WARN_UNGUARDED_AVAILABILITY = YES_AGGRESSIVE;
				CLANG_WARN_UNREACHABLE_CODE = YES;
				CLANG_WARN__DUPLICATE_METHOD_MATCH = YES;
				CODE_SIGN_STYLE = Automatic;
				COPY_PHASE_STRIP = NO;
				CURRENT_PROJECT_VERSION = 1;
				DEBUG_INFORMATION_FORMAT = "dwarf-with-dsym";
				DEVELOPMENT_TEAM = 228T6U2RV4;
				ENABLE_NS_ASSERTIONS = NO;
				ENABLE_STRICT_OBJC_MSGSEND = YES;
				GCC_C_LANGUAGE_STANDARD = gnu11;
				GCC_NO_COMMON_BLOCKS = YES;
				GCC_WARN_64_TO_32_BIT_CONVERSION = YES;
				GCC_WARN_ABOUT_RETURN_TYPE = YES_ERROR;
				GCC_WARN_UNDECLARED_SELECTOR = YES;
				GCC_WARN_UNINITIALIZED_AUTOS = YES_AGGRESSIVE;
				GCC_WARN_UNUSED_FUNCTION = YES;
				GCC_WARN_UNUSED_VARIABLE = YES;
				IPHONEOS_DEPLOYMENT_TARGET = 17.0;
				MARKETING_VERSION = 1.0;
				MTL_ENABLE_DEBUG_INFO = NO;
				MTL_FAST_MATH = YES;
				PRODUCT_NAME = "$(TARGET_NAME)";
				SDKROOT = iphoneos;
				SWIFT_COMPILATION_MODE = wholemodule;
				SWIFT_OPTIMIZATION_LEVEL = "-O";
				SWIFT_VERSION = 5.0;
			};
			name = Release;
		};
/* End XCBuildConfiguration section */

/* Begin XCConfigurationList section */
		4FB9F2BC7B7792146C01A13E /* Build configuration list for PBXNativeTarget "ArcadePadTests" */ = {
			isa = XCConfigurationList;
			buildConfigurations = (
				19BEDF88502799E185110C7E /* Debug */,
				1071ED6757BF29B58A1A2983 /* Release */,
			);
			defaultConfigurationIsVisible = 0;
			defaultConfigurationName = Debug;
		};
		5522F5902E7B577EBD599A0F /* Build configuration list for PBXNativeTarget "ArcadePadUITests" */ = {
			isa = XCConfigurationList;
			buildConfigurations = (
				0A97C143B45D4C4D9A789A44 /* Debug */,
				21F77E6DA2F49F2201777D1C /* Release */,
			);
			defaultConfigurationIsVisible = 0;
			defaultConfigurationName = Debug;
		};
		D2A97A7BB31EEB22035F32A1 /* Build configuration list for PBXNativeTarget "ArcadePadBroadcast" */ = {
			isa = XCConfigurationList;
			buildConfigurations = (
				BD6930DA99B5EA0BAB3BCB51 /* Debug */,
				31D2205121F12F102D3E11F8 /* Release */,
			);
			defaultConfigurationIsVisible = 0;
			defaultConfigurationName = Debug;
		};
		EA1FBEB56C29915B4A2425F7 /* Build configuration list for PBXProject "ArcadePad" */ = {
			isa = XCConfigurationList;
			buildConfigurations = (
				1A9B9D572503E50BC4C69550 /* Debug */,
				D95D4855A373CDC673864896 /* Release */,
			);
			defaultConfigurationIsVisible = 0;
			defaultConfigurationName = Debug;
		};
		ECDE7C137262174B2A0F3981 /* Build configuration list for PBXNativeTarget "ArcadePad" */ = {
			isa = XCConfigurationList;
			buildConfigurations = (
				82415C3C30D492944A05395E /* Debug */,
				D8E15EB518702EC71F223DC0 /* Release */,
			);
			defaultConfigurationIsVisible = 0;
			defaultConfigurationName = Debug;
		};
/* End XCConfigurationList section */
	};
	rootObject = 48407DA0897589D296E6DEFA /* Project object */;
}
