// !$*UTF8*$!
{
	archiveVersion = 1;
	classes = {
	};
	objectVersion = 77;
	objects = {

/* Begin PBXBuildFile section */
		188E6B6FA094D1AF35E0271D /* SequencerView.swift in Sources */ = {isa = PBXBuildFile; fileRef = 7F121B0AAD6D2CC90128E465 /* SequencerView.swift */; };
		1CDC8EBAC67A339912CB549A /* ShareKitView.swift in Sources */ = {isa = PBXBuildFile; fileRef = 09083D948B13ABF58A3EFE17 /* ShareKitView.swift */; };
		2918B441C5D58E803809CC6F /* KitStore.swift in Sources */ = {isa = PBXBuildFile; fileRef = 906703288BFA80918EC411D5 /* KitStore.swift */; };
		329DD9637B077BDDB9ACCD86 /* Preview Assets.xcassets in Resources */ = {isa = PBXBuildFile; fileRef = 259DAD813A3B72EA0DF6AAE0 /* Preview Assets.xcassets */; };
		34BCA182D2B1F00A5BE1A8A4 /* Pattern.swift in Sources */ = {isa = PBXBuildFile; fileRef = 4E73254BC37C58C8F97FE002 /* Pattern.swift */; };
		390BE112619596A7893D4137 /* PadEditorView.swift in Sources */ = {isa = PBXBuildFile; fileRef = F5DBF4350D8FE4E69E3ACFB7 /* PadEditorView.swift */; };
		3D0F7D583494F9B7748D1791 /* Assets.xcassets in Resources */ = {isa = PBXBuildFile; fileRef = A4320BC2642058FA597FD979 /* Assets.xcassets */; };
		417DEE8CB5B36CC831ED4220 /* Theme.swift in Sources */ = {isa = PBXBuildFile; fileRef = F1876A409670D512414A0E2E /* Theme.swift */; };
		4421B244BBD6911DD2509768 /* ArcadePadTests.swift in Sources */ = {isa = PBXBuildFile; fileRef = 825738DD05B125726B35F186 /* ArcadePadTests.swift */; };
		57CCD90C0DE11066BB0B4AAE /* Kit.swift in Sources */ = {isa = PBXBuildFile; fileRef = 78FB4592FEC8426F4196B25A /* Kit.swift */; };
		58380C82A15E2273C4C26E81 /* RecordView.swift in Sources */ = {isa = PBXBuildFile; fileRef = B2BBCECD12C1188C50A4AD84 /* RecordView.swift */; };
		5BB1EFCFCB2BA110C0C05A95 /* ArcadePadUITests.swift in Sources */ = {isa = PBXBuildFile; fileRef = 5825C330D1D18FAA940579FC /* ArcadePadUITests.swift */; };
		5DCA62258630D8522DB59C13 /* SharedKitManifest.swift in Sources */ = {isa = PBXBuildFile; fileRef = 86FD1C41AF0D4996AD18A47E /* SharedKitManifest.swift */; };
		6B9B1244CC7554B814B6C0E6 /* Pad.swift in Sources */ = {isa = PBXBuildFile; fileRef = F73353312EEF24D1F17D11FC /* Pad.swift */; };
		76F488FCB46175C21AC2D7A0 /* WaveformView.swift in Sources */ = {isa = PBXBuildFile; fileRef = 16348602297F3A9ECD5FDEBE /* WaveformView.swift */; };
		85A11F2D7B0B87099AA3CB34 /* Sample.swift in Sources */ = {isa = PBXBuildFile; fileRef = 39839F0CFA3AF013E51046F9 /* Sample.swift */; };
		8F3489C186FC8EC8BC60387B /* PadButtonView.swift in Sources */ = {isa = PBXBuildFile; fileRef = DA9004B69246E160A7E58BFC /* PadButtonView.swift */; };
		A25F3518ECB106D0B15318B3 /* FirebaseConfig.swift in Sources */ = {isa = PBXBuildFile; fileRef = 08D81757468ED03EDB99C1E6 /* FirebaseConfig.swift */; };
		C205FC13366999957B4AD998 /* WaveformLoader.swift in Sources */ = {isa = PBXBuildFile; fileRef = C69B7BAA0E58E1491ACC295A /* WaveformLoader.swift */; };
		C73BC0B3C0067331FFE9D033 /* ArcadePadApp.swift in Sources */ = {isa = PBXBuildFile; fileRef = 3F8F06981EA38414FF2D0740 /* ArcadePadApp.swift */; };
		C977A85CC11A8FD1E1582F3B /* PadGridView.swift in Sources */ = {isa = PBXBuildFile; fileRef = E9B37809345BDFCADF50FECC /* PadGridView.swift */; };
		D1A68A95C6BF629F52C12FDF /* ShareService.swift in Sources */ = {isa = PBXBuildFile; fileRef = 42B28CB88B6A0AB5023D278B /* ShareService.swift */; };
		E9BF6D505D60E61BFAB4C6AA /* ContentView.swift in Sources */ = {isa = PBXBuildFile; fileRef = E7C9A97892BB291BD77A2825 /* ContentView.swift */; };
		F4433CA0722C704CA3FEF865 /* AudioEngine.swift in Sources */ = {isa = PBXBuildFile; fileRef = 0C505A7ADE905751F28EE583 /* AudioEngine.swift */; };
		FA82C36412C0BA32F484D5CB /* SequencerEngine.swift in Sources */ = {isa = PBXBuildFile; fileRef = 251635B4D4CD9184EE610FF7 /* SequencerEngine.swift */; };
/* End PBXBuildFile section */

/* Begin PBXContainerItemProxy section */
		4C1CB96C983F37AE6FD32759 /* PBXContainerItemProxy */ = {
			isa = PBXContainerItemProxy;
			containerPortal = 48407DA0897589D296E6DEFA /* Project object */;
			proxyType = 1;
			remoteGlobalIDString = 456876E5C1DE35EB19A3F1AA;
			remoteInfo = ArcadePad;
		};
		C4164C042267FA5E765E0BB4 /* PBXContainerItemProxy */ = {
			isa = PBXContainerItemProxy;
			containerPortal = 48407DA0897589D296E6DEFA /* Project object */;
			proxyType = 1;
			remoteGlobalIDString = 456876E5C1DE35EB19A3F1AA;
			remoteInfo = ArcadePad;
		};
/* End PBXContainerItemProxy section */

/* Begin PBXFileReference section */
		08D81757468ED03EDB99C1E6 /* FirebaseConfig.swift */ = {isa = PBXFileReference; lastKnownFileType = sourcecode.swift; path = FirebaseConfig.swift; sourceTree = "<group>"; };
		09083D948B13ABF58A3EFE17 /* ShareKitView.swift */ = {isa = PBXFileReference; lastKnownFileType = sourcecode.swift; path = ShareKitView.swift; sourceTree = "<group>"; };
		0C505A7ADE905751F28EE583 /* AudioEngine.swift */ = {isa = PBXFileReference; lastKnownFileType = sourcecode.swift; path = AudioEngine.swift; sourceTree = "<group>"; };
		16348602297F3A9ECD5FDEBE /* WaveformView.swift */ = {isa = PBXFileReference; lastKnownFileType = sourcecode.swift; path = WaveformView.swift; sourceTree = "<group>"; };
		251635B4D4CD9184EE610FF7 /* SequencerEngine.swift */ = {isa = PBXFileReference; lastKnownFileType = sourcecode.swift; path = SequencerEngine.swift; sourceTree = "<group>"; };
		259DAD813A3B72EA0DF6AAE0 /* Preview Assets.xcassets */ = {isa = PBXFileReference; lastKnownFileType = folder.assetcatalog; path = "Preview Assets.xcassets"; sourceTree = "<group>"; };
		2CEFEE8CF3BC44D1B23448B1 /* ArcadePadTests.xctest */ = {isa = PBXFileReference; includeInIndex = 0; lastKnownFileType = wrapper.cfbundle; path = ArcadePadTests.xctest; sourceTree = BUILT_PRODUCTS_DIR; };
		39839F0CFA3AF013E51046F9 /* Sample.swift */ = {isa = PBXFileReference; lastKnownFileType = sourcecode.swift; path = Sample.swift; sourceTree = "<group>"; };
		3F8F06981EA38414FF2D0740 /* ArcadePadApp.swift */ = {isa = PBXFileReference; lastKnownFileType = sourcecode.swift; path = ArcadePadApp.swift; sourceTree = "<group>"; };
		41E3DB7455E0504339ABDE4B /* ArcadePadUITests.xctest */ = {isa = PBXFileReference; includeInIndex = 0; lastKnownFileType = wrapper.cfbundle; path = ArcadePadUITests.xctest; sourceTree = BUILT_PRODUCTS_DIR; };
		42B28CB88B6A0AB5023D278B /* ShareService.swift */ = {isa = PBXFileReference; lastKnownFileType = sourcecode.swift; path = ShareService.swift; sourceTree = "<group>"; };
		4E73254BC37C58C8F97FE002 /* Pattern.swift */ = {isa = PBXFileReference; lastKnownFileType = sourcecode.swift; path = Pattern.swift; sourceTree = "<group>"; };
		5825C330D1D18FAA940579FC /* ArcadePadUITests.swift */ = {isa = PBXFileReference; lastKnownFileType = sourcecode.swift; path = ArcadePadUITests.swift; sourceTree = "<group>"; };
		78FB4592FEC8426F4196B25A /* Kit.swift */ = {isa = PBXFileReference; lastKnownFileType = sourcecode.swift; path = Kit.swift; sourceTree = "<group>"; };
		7F121B0AAD6D2CC90128E465 /* SequencerView.swift */ = {isa = PBXFileReference; lastKnownFileType = sourcecode.swift; path = SequencerView.swift; sourceTree = "<group>"; };
		825738DD05B125726B35F186 /* ArcadePadTests.swift */ = {isa = PBXFileReference; lastKnownFileType = sourcecode.swift; path = ArcadePadTests.swift; sourceTree = "<group>"; };
		86FD1C41AF0D4996AD18A47E /* SharedKitManifest.swift */ = {isa = PBXFileReference; lastKnownFileType = sourcecode.swift; path = SharedKitManifest.swift; sourceTree = "<group>"; };
		906703288BFA80918EC411D5 /* KitStore.swift */ = {isa = PBXFileReference; lastKnownFileType = sourcecode.swift; path = KitStore.swift; sourceTree = "<group>"; };
		A4320BC2642058FA597FD979 /* Assets.xcassets */ = {isa = PBXFileReference; lastKnownFileType = folder.assetcatalog; path = Assets.xcassets; sourceTree = "<group>"; };
		B2BBCECD12C1188C50A4AD84 /* RecordView.swift */ = {isa = PBXFileReference; lastKnownFileType = sourcecode.swift; path = RecordView.swift; sourceTree = "<group>"; };
		C69B7BAA0E58E1491ACC295A /* WaveformLoader.swift */ = {isa = PBXFileReference; lastKnownFileType = sourcecode.swift; path = WaveformLoader.swift; sourceTree = "<group>"; };
		DA9004B69246E160A7E58BFC /* PadButtonView.swift */ = {isa = PBXFileReference; lastKnownFileType = sourcecode.swift; path = PadButtonView.swift; sourceTree = "<group>"; };
		E7C9A97892BB291BD77A2825 /* ContentView.swift */ = {isa = PBXFileReference; lastKnownFileType = sourcecode.swift; path = ContentView.swift; sourceTree = "<group>"; };
		E9B37809345BDFCADF50FECC /* PadGridView.swift */ = {isa = PBXFileReference; lastKnownFileType = sourcecode.swift; path = PadGridView.swift; sourceTree = "<group>"; };
		F1876A409670D512414A0E2E /* Theme.swift */ = {isa = PBXFileReference; lastKnownFileType = sourcecode.swift; path = Theme.swift; sourceTree = "<group>"; };
		F5DBF4350D8FE4E69E3ACFB7 /* PadEditorView.swift */ = {isa = PBXFileReference; lastKnownFileType = sourcecode.swift; path = PadEditorView.swift; sourceTree = "<group>"; };
		F73353312EEF24D1F17D11FC /* Pad.swift */ = {isa = PBXFileReference; lastKnownFileType = sourcecode.swift; path = Pad.swift; sourceTree = "<group>"; };
		FB4EFF13118749E130300C30 /* ArcadePad.app */ = {isa = PBXFileReference; includeInIndex = 0; lastKnownFileType = wrapper.application; path = ArcadePad.app; sourceTree = BUILT_PRODUCTS_DIR; };
/* End PBXFileReference section */

/* Begin PBXGroup section */
		02B2EDBD132EB8962BA8FABB /* Audio */ = {
			isa = PBXGroup;
			children = (
				0C505A7ADE905751F28EE583 /* AudioEngine.swift */,
				C69B7BAA0E58E1491ACC295A /* WaveformLoader.swift */,
			);
			path = Audio;
			sourceTree = "<group>";
		};
		072C388269655EDBA590B746 /* Sharing */ = {
			isa = PBXGroup;
			children = (
				08D81757468ED03EDB99C1E6 /* FirebaseConfig.swift */,
				86FD1C41AF0D4996AD18A47E /* SharedKitManifest.swift */,
				42B28CB88B6A0AB5023D278B /* ShareService.swift */,
			);
			path = Sharing;
			sourceTree = "<group>";
		};
		0ABC516BAB02CA08787EE0DE /* Products */ = {
			isa = PBXGroup;
			children = (
				FB4EFF13118749E130300C30 /* ArcadePad.app */,
				2CEFEE8CF3BC44D1B23448B1 /* ArcadePadTests.xctest */,
				41E3DB7455E0504339ABDE4B /* ArcadePadUITests.xctest */,
			);
			name = Products;
			sourceTree = "<group>";
		};
		14A677627BF6698EBDAF1FF6 /* ArcadePad */ = {
			isa = PBXGroup;
			children = (
				3F8F06981EA38414FF2D0740 /* ArcadePadApp.swift */,
				A4320BC2642058FA597FD979 /* Assets.xcassets */,
				F55A03AD7DD83F17B9023200 /* Core */,
				2D85BDDE4B65700D0B102D56 /* Preview Content */,
				180F7931800193FFF691E38F /* Views */,
			);
			path = ArcadePad;
			sourceTree = "<group>";
		};
		180F7931800193FFF691E38F /* Views */ = {
			isa = PBXGroup;
			children = (
				E7C9A97892BB291BD77A2825 /* ContentView.swift */,
				F5DBF4350D8FE4E69E3ACFB7 /* PadEditorView.swift */,
				B2BBCECD12C1188C50A4AD84 /* RecordView.swift */,
				7F121B0AAD6D2CC90128E465 /* SequencerView.swift */,
				09083D948B13ABF58A3EFE17 /* ShareKitView.swift */,
				F1876A409670D512414A0E2E /* Theme.swift */,
				AF5E3E27D4A065B2AA60CFBD /* Components */,
			);
			path = Views;
			sourceTree = "<group>";
		};
		1AE4D8054CEEEF104F51F98A /* Persistence */ = {
			isa = PBXGroup;
			children = (
				906703288BFA80918EC411D5 /* KitStore.swift */,
			);
			path = Persistence;
			sourceTree = "<group>";
		};
		1DAB356D221B29111C5B8D6C /* Sequencer */ = {
			isa = PBXGroup;
			children = (
				251635B4D4CD9184EE610FF7 /* SequencerEngine.swift */,
			);
			path = Sequencer;
			sourceTree = "<group>";
		};
		20437245F4EB1521E0A9C19C /* ArcadePadUITests */ = {
			isa = PBXGroup;
			children = (
				5825C330D1D18FAA940579FC /* ArcadePadUITests.swift */,
			);
			path = ArcadePadUITests;
			sourceTree = "<group>";
		};
		2D85BDDE4B65700D0B102D56 /* Preview Content */ = {
			isa = PBXGroup;
			children = (
				259DAD813A3B72EA0DF6AAE0 /* Preview Assets.xcassets */,
			);
			path = "Preview Content";
			sourceTree = "<group>";
		};
		AF5E3E27D4A065B2AA60CFBD /* Components */ = {
			isa = PBXGroup;
			children = (
				DA9004B69246E160A7E58BFC /* PadButtonView.swift */,
				E9B37809345BDFCADF50FECC /* PadGridView.swift */,
				16348602297F3A9ECD5FDEBE /* WaveformView.swift */,
			);
			path = Components;
			sourceTree = "<group>";
		};
		D10114C26C5D4B19FFA3F5A3 = {
			isa = PBXGroup;
			children = (
				14A677627BF6698EBDAF1FF6 /* ArcadePad */,
				D956B8FB49DDC9A2226240FD /* ArcadePadTests */,
				20437245F4EB1521E0A9C19C /* ArcadePadUITests */,
				0ABC516BAB02CA08787EE0DE /* Products */,
			);
			sourceTree = "<group>";
		};
		D956B8FB49DDC9A2226240FD /* ArcadePadTests */ = {
			isa = PBXGroup;
			children = (
				825738DD05B125726B35F186 /* ArcadePadTests.swift */,
			);
			path = ArcadePadTests;
			sourceTree = "<group>";
		};
		E22855C4B83E4087E362701E /* Models */ = {
			isa = PBXGroup;
			children = (
				78FB4592FEC8426F4196B25A /* Kit.swift */,
				F73353312EEF24D1F17D11FC /* Pad.swift */,
				4E73254BC37C58C8F97FE002 /* Pattern.swift */,
				39839F0CFA3AF013E51046F9 /* Sample.swift */,
			);
			path = Models;
			sourceTree = "<group>";
		};
		F55A03AD7DD83F17B9023200 /* Core */ = {
			isa = PBXGroup;
			children = (
				02B2EDBD132EB8962BA8FABB /* Audio */,
				E22855C4B83E4087E362701E /* Models */,
				1AE4D8054CEEEF104F51F98A /* Persistence */,
				1DAB356D221B29111C5B8D6C /* Sequencer */,
				072C388269655EDBA590B746 /* Sharing */,
			);
			path = Core;
			sourceTree = "<group>";
		};
/* End PBXGroup section */

/* Begin PBXNativeTarget section */
		456876E5C1DE35EB19A3F1AA /* ArcadePad */ = {
			isa = PBXNativeTarget;
			buildConfigurationList = ECDE7C137262174B2A0F3981 /* Build configuration list for PBXNativeTarget "ArcadePad" */;
			buildPhases = (
				DF41B2E006365305C1C94188 /* Sources */,
				A721CF8C768E91DBC669BF7D /* Resources */,
			);
			buildRules = (
			);
			dependencies = (
			);
			name = ArcadePad;
			packageProductDependencies = (
			);
			productName = ArcadePad;
			productReference = FB4EFF13118749E130300C30 /* ArcadePad.app */;
			productType = "com.apple.product-type.application";
		};
		A7641AF358B5D14356EF4694 /* ArcadePadUITests */ = {
			isa = PBXNativeTarget;
			buildConfigurationList = 5522F5902E7B577EBD599A0F /* Build configuration list for PBXNativeTarget "ArcadePadUITests" */;
			buildPhases = (
				0FDEF6A115175A0881BAC62B /* Sources */,
			);
			buildRules = (
			);
			dependencies = (
				FD10AA1B4749E93E51A9902E /* PBXTargetDependency */,
			);
			name = ArcadePadUITests;
			packageProductDependencies = (
			);
			productName = ArcadePadUITests;
			productReference = 41E3DB7455E0504339ABDE4B /* ArcadePadUITests.xctest */;
			productType = "com.apple.product-type.bundle.ui-testing";
		};
		DF8C9E6BE63DA1EFA9B38576 /* ArcadePadTests */ = {
			isa = PBXNativeTarget;
			buildConfigurationList = 4FB9F2BC7B7792146C01A13E /* Build configuration list for PBXNativeTarget "ArcadePadTests" */;
			buildPhases = (
				6CBDE38F8F097CC414175A6B /* Sources */,
			);
			buildRules = (
			);
			dependencies = (
				AD42BC12A8CEA349AF9AD8FA /* PBXTargetDependency */,
			);
			name = ArcadePadTests;
			packageProductDependencies = (
			);
			productName = ArcadePadTests;
			productReference = 2CEFEE8CF3BC44D1B23448B1 /* ArcadePadTests.xctest */;
			productType = "com.apple.product-type.bundle.unit-test";
		};
/* End PBXNativeTarget section */

/* Begin PBXProject section */
		48407DA0897589D296E6DEFA /* Project object */ = {
			isa = PBXProject;
			attributes = {
				BuildIndependentTargetsInParallel = YES;
				LastUpgradeCheck = 1430;
				TargetAttributes = {
					456876E5C1DE35EB19A3F1AA = {
						DevelopmentTeam = "";
						ProvisioningStyle = Automatic;
					};
					A7641AF358B5D14356EF4694 = {
						DevelopmentTeam = "";
						ProvisioningStyle = Automatic;
						TestTargetID = 456876E5C1DE35EB19A3F1AA;
					};
					DF8C9E6BE63DA1EFA9B38576 = {
						DevelopmentTeam = "";
						ProvisioningStyle = Automatic;
					};
				};
			};
			buildConfigurationList = EA1FBEB56C29915B4A2425F7 /* Build configuration list for PBXProject "ArcadePad" */;
			developmentRegion = en;
			hasScannedForEncodings = 0;
			knownRegions = (
				Base,
				en,
			);
			mainGroup = D10114C26C5D4B19FFA3F5A3;
			minimizedProjectReferenceProxies = 1;
			preferredProjectObjectVersion = 77;
			productRefGroup = 0ABC516BAB02CA08787EE0DE /* Products */;
			projectDirPath = "";
			projectRoot = "";
			targets = (
				456876E5C1DE35EB19A3F1AA /* ArcadePad */,
				DF8C9E6BE63DA1EFA9B38576 /* ArcadePadTests */,
				A7641AF358B5D14356EF4694 /* ArcadePadUITests */,
			);
		};
/* End PBXProject section */

/* Begin PBXResourcesBuildPhase section */
		A721CF8C768E91DBC669BF7D /* Resources */ = {
			isa = PBXResourcesBuildPhase;
			buildActionMask = 2147483647;
			files = (
				3D0F7D583494F9B7748D1791 /* Assets.xcassets in Resources */,
				329DD9637B077BDDB9ACCD86 /* Preview Assets.xcassets in Resources */,
			);
			runOnlyForDeploymentPostprocessing = 0;
		};
/* End PBXResourcesBuildPhase section */

/* Begin PBXSourcesBuildPhase section */
		0FDEF6A115175A0881BAC62B /* Sources */ = {
			isa = PBXSourcesBuildPhase;
			buildActionMask = 2147483647;
			files = (
				5BB1EFCFCB2BA110C0C05A95 /* ArcadePadUITests.swift in Sources */,
			);
			runOnlyForDeploymentPostprocessing = 0;
		};
		6CBDE38F8F097CC414175A6B /* Sources */ = {
			isa = PBXSourcesBuildPhase;
			buildActionMask = 2147483647;
			files = (
				4421B244BBD6911DD2509768 /* ArcadePadTests.swift in Sources */,
			);
			runOnlyForDeploymentPostprocessing = 0;
		};
		DF41B2E006365305C1C94188 /* Sources */ = {
			isa = PBXSourcesBuildPhase;
			buildActionMask = 2147483647;
			files = (
				C73BC0B3C0067331FFE9D033 /* ArcadePadApp.swift in Sources */,
				F4433CA0722C704CA3FEF865 /* AudioEngine.swift in Sources */,
				E9BF6D505D60E61BFAB4C6AA /* ContentView.swift in Sources */,
				A25F3518ECB106D0B15318B3 /* FirebaseConfig.swift in Sources */,
				57CCD90C0DE11066BB0B4AAE /* Kit.swift in Sources */,
				2918B441C5D58E803809CC6F /* KitStore.swift in Sources */,
				6B9B1244CC7554B814B6C0E6 /* Pad.swift in Sources */,
				8F3489C186FC8EC8BC60387B /* PadButtonView.swift in Sources */,
				390BE112619596A7893D4137 /* PadEditorView.swift in Sources */,
				C977A85CC11A8FD1E1582F3B /* PadGridView.swift in Sources */,
				34BCA182D2B1F00A5BE1A8A4 /* Pattern.swift in Sources */,
				58380C82A15E2273C4C26E81 /* RecordView.swift in Sources */,
				85A11F2D7B0B87099AA3CB34 /* Sample.swift in Sources */,
				FA82C36412C0BA32F484D5CB /* SequencerEngine.swift in Sources */,
				188E6B6FA094D1AF35E0271D /* SequencerView.swift in Sources */,
				1CDC8EBAC67A339912CB549A /* ShareKitView.swift in Sources */,
				D1A68A95C6BF629F52C12FDF /* ShareService.swift in Sources */,
				5DCA62258630D8522DB59C13 /* SharedKitManifest.swift in Sources */,
				417DEE8CB5B36CC831ED4220 /* Theme.swift in Sources */,
				C205FC13366999957B4AD998 /* WaveformLoader.swift in Sources */,
				76F488FCB46175C21AC2D7A0 /* WaveformView.swift in Sources */,
			);
			runOnlyForDeploymentPostprocessing = 0;
		};
/* End PBXSourcesBuildPhase section */

/* Begin PBXTargetDependency section */
		AD42BC12A8CEA349AF9AD8FA /* PBXTargetDependency */ = {
			isa = PBXTargetDependency;
			target = 456876E5C1DE35EB19A3F1AA /* ArcadePad */;
			targetProxy = C4164C042267FA5E765E0BB4 /* PBXContainerItemProxy */;
		};
		FD10AA1B4749E93E51A9902E /* PBXTargetDependency */ = {
			isa = PBXTargetDependency;
			target = 456876E5C1DE35EB19A3F1AA /* ArcadePad */;
			targetProxy = 4C1CB96C983F37AE6FD32759 /* PBXContainerItemProxy */;
		};
/* End PBXTargetDependency section */

/* Begin XCBuildConfiguration section */
		0A97C143B45D4C4D9A789A44 /* Debug */ = {
			isa = XCBuildConfiguration;
			buildSettings = {
				BUNDLE_LOADER = "$(TEST_HOST)";
				GENERATE_INFOPLIST_FILE = YES;
				IPHONEOS_DEPLOYMENT_TARGET = 17.0;
				LD_RUNPATH_SEARCH_PATHS = (
					"$(inherited)",
					"@executable_path/Frameworks",
					"@loader_path/Frameworks",
				);
				PRODUCT_BUNDLE_IDENTIFIER = com.dlrk.arcadepad.uitests;
				SDKROOT = iphoneos;
				TARGETED_DEVICE_FAMILY = "1,2";
				TEST_TARGET_NAME = ArcadePad;
			};
			name = Debug;
		};
		1071ED6757BF29B58A1A2983 /* Release */ = {
			isa = XCBuildConfiguration;
			buildSettings = {
				BUNDLE_LOADER = "$(TEST_HOST)";
				GENERATE_INFOPLIST_FILE = YES;
				IPHONEOS_DEPLOYMENT_TARGET = 17.0;
				LD_RUNPATH_SEARCH_PATHS = (
					"$(inherited)",
					"@executable_path/Frameworks",
					"@loader_path/Frameworks",
				);
				PRODUCT_BUNDLE_IDENTIFIER = com.dlrk.arcadepad.tests;
				SDKROOT = iphoneos;
				TARGETED_DEVICE_FAMILY = "1,2";
				TEST_HOST = "$(BUILT_PRODUCTS_DIR)/ArcadePad.app/ArcadePad";
			};
			name = Release;
		};
		19BEDF88502799E185110C7E /* Debug */ = {
			isa = XCBuildConfiguration;
			buildSettings = {
				BUNDLE_LOADER = "$(TEST_HOST)";
				GENERATE_INFOPLIST_FILE = YES;
				IPHONEOS_DEPLOYMENT_TARGET = 17.0;
				LD_RUNPATH_SEARCH_PATHS = (
					"$(inherited)",
					"@executable_path/Frameworks",
					"@loader_path/Frameworks",
				);
				PRODUCT_BUNDLE_IDENTIFIER = com.dlrk.arcadepad.tests;
				SDKROOT = iphoneos;
				TARGETED_DEVICE_FAMILY = "1,2";
				TEST_HOST = "$(BUILT_PRODUCTS_DIR)/ArcadePad.app/ArcadePad";
			};
			name = Debug;
		};
		1A9B9D572503E50BC4C69550 /* Debug */ = {
			isa = XCBuildConfiguration;
			buildSettings = {
				ALWAYS_SEARCH_USER_PATHS = NO;
				CLANG_ANALYZER_NONNULL = YES;
				CLANG_ANALYZER_NUMBER_OBJECT_CONVERSION = YES_AGGRESSIVE;
				CLANG_CXX_LANGUAGE_STANDARD = "gnu++14";
				CLANG_CXX_LIBRARY = "libc++";
				CLANG_ENABLE_MODULES = YES;
				CLANG_ENABLE_OBJC_ARC = YES;
				CLANG_ENABLE_OBJC_WEAK = YES;
				CLANG_WARN_BLOCK_CAPTURE_AUTORELEASING = YES;
				CLANG_WARN_BOOL_CONVERSION = YES;
				CLANG_WARN_COMMA = YES;
				CLANG_WARN_CONSTANT_CONVERSION = YES;
				CLANG_WARN_DEPRECATED_OBJC_IMPLEMENTATIONS = YES;
				CLANG_WARN_DIRECT_OBJC_ISA_USAGE = YES_ERROR;
				CLANG_WARN_DOCUMENTATION_COMMENTS = YES;
				CLANG_WARN_EMPTY_BODY = YES;
				CLANG_WARN_ENUM_CONVERSION = YES;
				CLANG_WARN_INFINITE_RECURSION = YES;
				CLANG_WARN_INT_CONVERSION = YES;
				CLANG_WARN_NON_LITERAL_NULL_CONVERSION = YES;
				CLANG_WARN_OBJC_IMPLICIT_RETAIN_SELF = YES;
				CLANG_WARN_OBJC_LITERAL_CONVERSION = YES;
				CLANG_WARN_OBJC_ROOT_CLASS = YES_ERROR;
				CLANG_WARN_QUOTED_INCLUDE_IN_FRAMEWORK_HEADER = YES;
				CLANG_WARN_RANGE_LOOP_ANALYSIS = YES;
				CLANG_WARN_STRICT_PROTOTYPES = YES;
				CLANG_WARN_SUSPICIOUS_MOVE = YES;
				CLANG_WARN_UNGUARDED_AVAILABILITY = YES_AGGRESSIVE;
				CLANG_WARN_UNREACHABLE_CODE = YES;
				CLANG_WARN__DUPLICATE_METHOD_MATCH = YES;
				CODE_SIGN_STYLE = Automatic;
				COPY_PHASE_STRIP = NO;
				DEBUG_INFORMATION_FORMAT = dwarf;
				DEVELOPMENT_TEAM = "";
				ENABLE_STRICT_OBJC_MSGSEND = YES;
				ENABLE_TESTABILITY = YES;
				GCC_C_LANGUAGE_STANDARD = gnu11;
				GCC_DYNAMIC_NO_PIC = NO;
				GCC_NO_COMMON_BLOCKS = YES;
				GCC_OPTIMIZATION_LEVEL = 0;
				GCC_PREPROCESSOR_DEFINITIONS = (
					"$(inherited)",
					"DEBUG=1",
				);
				GCC_WARN_64_TO_32_BIT_CONVERSION = YES;
				GCC_WARN_ABOUT_RETURN_TYPE = YES_ERROR;
				GCC_WARN_UNDECLARED_SELECTOR = YES;
				GCC_WARN_UNINITIALIZED_AUTOS = YES_AGGRESSIVE;
				GCC_WARN_UNUSED_FUNCTION = YES;
				GCC_WARN_UNUSED_VARIABLE = YES;
				IPHONEOS_DEPLOYMENT_TARGET = 17.0;
				MTL_ENABLE_DEBUG_INFO = INCLUDE_SOURCE;
				MTL_FAST_MATH = YES;
				ONLY_ACTIVE_ARCH = YES;
				PRODUCT_NAME = "$(TARGET_NAME)";
				SDKROOT = iphoneos;
				SWIFT_ACTIVE_COMPILATION_CONDITIONS = DEBUG;
				SWIFT_OPTIMIZATION_LEVEL = "-Onone";
				SWIFT_VERSION = 5.0;
			};
			name = Debug;
		};
		21F77E6DA2F49F2201777D1C /* Release */ = {
			isa = XCBuildConfiguration;
			buildSettings = {
				BUNDLE_LOADER = "$(TEST_HOST)";
				GENERATE_INFOPLIST_FILE = YES;
				IPHONEOS_DEPLOYMENT_TARGET = 17.0;
				LD_RUNPATH_SEARCH_PATHS = (
					"$(inherited)",
					"@executable_path/Frameworks",
					"@loader_path/Frameworks",
				);
				PRODUCT_BUNDLE_IDENTIFIER = com.dlrk.arcadepad.uitests;
				SDKROOT = iphoneos;
				TARGETED_DEVICE_FAMILY = "1,2";
				TEST_TARGET_NAME = ArcadePad;
			};
			name = Release;
		};
		82415C3C30D492944A05395E /* Debug */ = {
			isa = XCBuildConfiguration;
			buildSettings = {
				ASSETCATALOG_COMPILER_APPICON_NAME = AppIcon;
				ASSETCATALOG_COMPILER_GLOBAL_ACCENT_COLOR_NAME = AccentColor;
				CODE_SIGN_IDENTITY = "iPhone Developer";
				DEVELOPMENT_ASSET_PATHS = "\"ArcadePad/Preview Content\"";
				ENABLE_PREVIEWS = YES;
				GENERATE_INFOPLIST_FILE = YES;
				INFOPLIST_FILE = "Generated-Info.plist";
				INFOPLIST_KEY_CFBundleDisplayName = ArcadePad;
				INFOPLIST_KEY_NSMicrophoneUsageDescription = "ArcadePad needs the microphone to record samples you can play from the pad grid.";
				INFOPLIST_KEY_UIApplicationSceneManifest_Generation = YES;
				INFOPLIST_KEY_UIBackgroundModes = audio;
				INFOPLIST_KEY_UILaunchScreen_Generation = YES;
				INFOPLIST_KEY_UISupportedInterfaceOrientations = "UIInterfaceOrientationPortrait UIInterfaceOrientationLandscapeLeft UIInterfaceOrientationLandscapeRight";
				"INFOPLIST_KEY_UISupportedInterfaceOrientations~ipad" = "UIInterfaceOrientationPortrait UIInterfaceOrientationPortraitUpsideDown UIInterfaceOrientationLandscapeLeft UIInterfaceOrientationLandscapeRight";
				IPHONEOS_DEPLOYMENT_TARGET = 17.0;
				LD_RUNPATH_SEARCH_PATHS = (
					"$(inherited)",
					"@executable_path/Frameworks",
				);
				PRODUCT_BUNDLE_IDENTIFIER = com.dlrk.arcadepad;
				SDKROOT = iphoneos;
				TARGETED_DEVICE_FAMILY = "1,2";
			};
			name = Debug;
		};
		D8E15EB518702EC71F223DC0 /* Release */ = {
			isa = XCBuildConfiguration;
			buildSettings = {
				ASSETCATALOG_COMPILER_APPICON_NAME = AppIcon;
				ASSETCATALOG_COMPILER_GLOBAL_ACCENT_COLOR_NAME = AccentColor;
				CODE_SIGN_IDENTITY = "iPhone Developer";
				DEVELOPMENT_ASSET_PATHS = "\"ArcadePad/Preview Content\"";
				ENABLE_PREVIEWS = YES;
				GENERATE_INFOPLIST_FILE = YES;
				INFOPLIST_FILE = "Generated-Info.plist";
				INFOPLIST_KEY_CFBundleDisplayName = ArcadePad;
				INFOPLIST_KEY_NSMicrophoneUsageDescription = "ArcadePad needs the microphone to record samples you can play from the pad grid.";
				INFOPLIST_KEY_UIApplicationSceneManifest_Generation = YES;
				INFOPLIST_KEY_UIBackgroundModes = audio;
				INFOPLIST_KEY_UILaunchScreen_Generation = YES;
				INFOPLIST_KEY_UISupportedInterfaceOrientations = "UIInterfaceOrientationPortrait UIInterfaceOrientationLandscapeLeft UIInterfaceOrientationLandscapeRight";
				"INFOPLIST_KEY_UISupportedInterfaceOrientations~ipad" = "UIInterfaceOrientationPortrait UIInterfaceOrientationPortraitUpsideDown UIInterfaceOrientationLandscapeLeft UIInterfaceOrientationLandscapeRight";
				IPHONEOS_DEPLOYMENT_TARGET = 17.0;
				LD_RUNPATH_SEARCH_PATHS = (
					"$(inherited)",
					"@executable_path/Frameworks",
				);
				PRODUCT_BUNDLE_IDENTIFIER = com.dlrk.arcadepad;
				SDKROOT = iphoneos;
				TARGETED_DEVICE_FAMILY = "1,2";
			};
			name = Release;
		};
		D95D4855A373CDC673864896 /* Release */ = {
			isa = XCBuildConfiguration;
			buildSettings = {
				ALWAYS_SEARCH_USER_PATHS = NO;
				CLANG_ANALYZER_NONNULL = YES;
				CLANG_ANALYZER_NUMBER_OBJECT_CONVERSION = YES_AGGRESSIVE;
				CLANG_CXX_LANGUAGE_STANDARD = "gnu++14";
				CLANG_CXX_LIBRARY = "libc++";
				CLANG_ENABLE_MODULES = YES;
				CLANG_ENABLE_OBJC_ARC = YES;
				CLANG_ENABLE_OBJC_WEAK = YES;
				CLANG_WARN_BLOCK_CAPTURE_AUTORELEASING = YES;
				CLANG_WARN_BOOL_CONVERSION = YES;
				CLANG_WARN_COMMA = YES;
				CLANG_WARN_CONSTANT_CONVERSION = YES;
				CLANG_WARN_DEPRECATED_OBJC_IMPLEMENTATIONS = YES;
				CLANG_WARN_DIRECT_OBJC_ISA_USAGE = YES_ERROR;
				CLANG_WARN_DOCUMENTATION_COMMENTS = YES;
				CLANG_WARN_EMPTY_BODY = YES;
				CLANG_WARN_ENUM_CONVERSION = YES;
				CLANG_WARN_INFINITE_RECURSION = YES;
				CLANG_WARN_INT_CONVERSION = YES;
				CLANG_WARN_NON_LITERAL_NULL_CONVERSION = YES;
				CLANG_WARN_OBJC_IMPLICIT_RETAIN_SELF = YES;
				CLANG_WARN_OBJC_LITERAL_CONVERSION = YES;
				CLANG_WARN_OBJC_ROOT_CLASS = YES_ERROR;
				CLANG_WARN_QUOTED_INCLUDE_IN_FRAMEWORK_HEADER = YES;
				CLANG_WARN_RANGE_LOOP_ANALYSIS = YES;
				CLANG_WARN_STRICT_PROTOTYPES = YES;
				CLANG_WARN_SUSPICIOUS_MOVE = YES;
				CLANG_WARN_UNGUARDED_AVAILABILITY = YES_AGGRESSIVE;
				CLANG_WARN_UNREACHABLE_CODE = YES;
				CLANG_WARN__DUPLICATE_METHOD_MATCH = YES;
				CODE_SIGN_STYLE = Automatic;
				COPY_PHASE_STRIP = NO;
				DEBUG_INFORMATION_FORMAT = "dwarf-with-dsym";
				DEVELOPMENT_TEAM = "";
				ENABLE_NS_ASSERTIONS = NO;
				ENABLE_STRICT_OBJC_MSGSEND = YES;
				GCC_C_LANGUAGE_STANDARD = gnu11;
				GCC_NO_COMMON_BLOCKS = YES;
				GCC_WARN_64_TO_32_BIT_CONVERSION = YES;
				GCC_WARN_ABOUT_RETURN_TYPE = YES_ERROR;
				GCC_WARN_UNDECLARED_SELECTOR = YES;
				GCC_WARN_UNINITIALIZED_AUTOS = YES_AGGRESSIVE;
				GCC_WARN_UNUSED_FUNCTION = YES;
				GCC_WARN_UNUSED_VARIABLE = YES;
				IPHONEOS_DEPLOYMENT_TARGET = 17.0;
				MTL_ENABLE_DEBUG_INFO = NO;
				MTL_FAST_MATH = YES;
				PRODUCT_NAME = "$(TARGET_NAME)";
				SDKROOT = iphoneos;
				SWIFT_COMPILATION_MODE = wholemodule;
				SWIFT_OPTIMIZATION_LEVEL = "-O";
				SWIFT_VERSION = 5.0;
			};
			name = Release;
		};
/* End XCBuildConfiguration section */

/* Begin XCConfigurationList section */
		4FB9F2BC7B7792146C01A13E /* Build configuration list for PBXNativeTarget "ArcadePadTests" */ = {
			isa = XCConfigurationList;
			buildConfigurations = (
				19BEDF88502799E185110C7E /* Debug */,
				1071ED6757BF29B58A1A2983 /* Release */,
			);
			defaultConfigurationIsVisible = 0;
			defaultConfigurationName = Debug;
		};
		5522F5902E7B577EBD599A0F /* Build configuration list for PBXNativeTarget "ArcadePadUITests" */ = {
			isa = XCConfigurationList;
			buildConfigurations = (
				0A97C143B45D4C4D9A789A44 /* Debug */,
				21F77E6DA2F49F2201777D1C /* Release */,
			);
			defaultConfigurationIsVisible = 0;
			defaultConfigurationName = Debug;
		};
		EA1FBEB56C29915B4A2425F7 /* Build configuration list for PBXProject "ArcadePad" */ = {
			isa = XCConfigurationList;
			buildConfigurations = (
				1A9B9D572503E50BC4C69550 /* Debug */,
				D95D4855A373CDC673864896 /* Release */,
			);
			defaultConfigurationIsVisible = 0;
			defaultConfigurationName = Debug;
		};
		ECDE7C137262174B2A0F3981 /* Build configuration list for PBXNativeTarget "ArcadePad" */ = {
			isa = XCConfigurationList;
			buildConfigurations = (
				82415C3C30D492944A05395E /* Debug */,
				D8E15EB518702EC71F223DC0 /* Release */,
			);
			defaultConfigurationIsVisible = 0;
			defaultConfigurationName = Debug;
		};
/* End XCConfigurationList section */
	};
	rootObject = 48407DA0897589D296E6DEFA /* Project object */;
}
